// !$*UTF8*$!
{
	archiveVersion = 1;
	classes = {
	};
	objectVersion = 46;
	objects = {

/* Begin PBXBuildFile section */
		0207DA581B56EA530066E2B4 /* Images.xcassets in Resources */ = {isa = PBXBuildFile; fileRef = 0207DA571B56EA530066E2B4 /* Images.xcassets */; };
		0541D83FA8874189A1EF0154 /* CDVFile.m in Sources */ = {isa = PBXBuildFile; fileRef = D0D9A6CCE75340BCB19BBAD3 /* CDVFile.m */; };
		1144FD913A124FED929972EF /* CDVInAppBrowserNavigationController.m in Sources */ = {isa = PBXBuildFile; fileRef = 5E8FCF254F794D3AB89FB059 /* CDVInAppBrowserNavigationController.m */; };
		1580C2CFD0494AE49E79FB47 /* ImageIO.framework in Frameworks */ = {isa = PBXBuildFile; fileRef = 7D7A58ED7AF34539B4C56703 /* ImageIO.framework */; settings = {ATTRIBUTES = (Weak, ); }; };
		172B6967E62F45F8ACFAC82D /* CDVContacts.m in Sources */ = {isa = PBXBuildFile; fileRef = 85AD7E8543C242D9A205DD25 /* CDVContacts.m */; };
		1D3623260D0F684500981E51 /* AppDelegate.m in Sources */ = {isa = PBXBuildFile; fileRef = 1D3623250D0F684500981E51 /* AppDelegate.m */; };
		1D60589B0D05DD56006BFB54 /* main.m in Sources */ = {isa = PBXBuildFile; fileRef = 29B97316FDCFA39411CA2CEA /* main.m */; };
		2A2C4820D17B44A9B145E642 /* CDVVibration.m in Sources */ = {isa = PBXBuildFile; fileRef = 303B6671E49A4AE297896201 /* CDVVibration.m */; };
		301BF552109A68D80062928A /* libCordova.a in Frameworks */ = {isa = PBXBuildFile; fileRef = 301BF535109A57CC0062928A /* libCordova.a */; };
		302D95F114D2391D003F00A1 /* MainViewController.m in Sources */ = {isa = PBXBuildFile; fileRef = 302D95EF14D2391D003F00A1 /* MainViewController.m */; };
		302D95F214D2391D003F00A1 /* MainViewController.xib in Resources */ = {isa = PBXBuildFile; fileRef = 302D95F014D2391D003F00A1 /* MainViewController.xib */; };
		3F19D634C9684AAE8B159E47 /* AudioToolbox.framework in Frameworks */ = {isa = PBXBuildFile; fileRef = 5F9AE9255D004B6FA33F1EDD /* AudioToolbox.framework */; settings = {ATTRIBUTES = (Weak, ); }; };
		437C180A89FA4B9B94B0AB59 /* CDVWKInAppBrowserUIDelegate.m in Sources */ = {isa = PBXBuildFile; fileRef = 4E027439479B45638C6C953B /* CDVWKInAppBrowserUIDelegate.m */; };
		4E0C56112E434BC7A10AD352 /* CDVCapture.m in Sources */ = {isa = PBXBuildFile; fileRef = 5CDFD1077A514360AF363F1C /* CDVCapture.m */; };
		513579986085494B98A4ED74 /* CDVNotification.m in Sources */ = {isa = PBXBuildFile; fileRef = 0B58BB47A65B4A61A5AE802E /* CDVNotification.m */; };
		587142E679BF451FAFAE3590 /* CDVGlobalization.m in Sources */ = {isa = PBXBuildFile; fileRef = 57CFBF550A324595856FA53D /* CDVGlobalization.m */; };
		597F3000F0154F51B4AE53C7 /* CDVWKInAppBrowser.m in Sources */ = {isa = PBXBuildFile; fileRef = 6EEAF467F5824338963EE193 /* CDVWKInAppBrowser.m */; };
		6244578DBF914AEA9C28313A /* SystemConfiguration.framework in Frameworks */ = {isa = PBXBuildFile; fileRef = 1C0E640D59224C7FB29E9C6C /* SystemConfiguration.framework */; settings = {ATTRIBUTES = (Weak, ); }; };
		69FF5B3B3F8D45D1A77C2D83 /* CDVInAppBrowserOptions.m in Sources */ = {isa = PBXBuildFile; fileRef = DBA49DE085F342F19C6F5BD3 /* CDVInAppBrowserOptions.m */; };
		6AFF5BF91D6E424B00AB3073 /* CDVLaunchScreen.storyboard in Resources */ = {isa = PBXBuildFile; fileRef = 6AFF5BF81D6E424B00AB3073 /* CDVLaunchScreen.storyboard */; };
		742DE018685D4022BF66D386 /* AddressBook.framework in Frameworks */ = {isa = PBXBuildFile; fileRef = 4CDDD27B39C74D86993BE50F /* AddressBook.framework */; settings = {ATTRIBUTES = (Weak, ); }; };
		7803BC48506A4CA1AB2B2C2B /* CDVLocation.m in Sources */ = {isa = PBXBuildFile; fileRef = 4BC43D40E96446D4A4CDEA08 /* CDVLocation.m */; };
		7ED82FB7D957477DB3482AD3 /* CDVLocalFilesystem.m in Sources */ = {isa = PBXBuildFile; fileRef = 1385572676C242AF8A3DB57A /* CDVLocalFilesystem.m */; };
		94DCF77161DA4FC4A6A48CEE /* CDVBattery.m in Sources */ = {isa = PBXBuildFile; fileRef = 9E013753A0674DFE9C293F33 /* CDVBattery.m */; };
		9C4802AAA644468DA11F932F /* CDVJpegHeaderWriter.m in Sources */ = {isa = PBXBuildFile; fileRef = 09C5CF9E1322448481C00AEF /* CDVJpegHeaderWriter.m */; };
		9D6023F65A5A4533B3992913 /* CDVNotification.bundle in Resources */ = {isa = PBXBuildFile; fileRef = 0AA2B48F9A95426483A40097 /* CDVNotification.bundle */; };
		A45FA64BFF7D4E7AB9FDC8B7 /* CDVFileTransfer.m in Sources */ = {isa = PBXBuildFile; fileRef = FC8C463A315444CD99AD854B /* CDVFileTransfer.m */; };
		A89394129166448381C51A11 /* CDVAccelerometer.m in Sources */ = {isa = PBXBuildFile; fileRef = 49935FA979FE42ADA9798C5E /* CDVAccelerometer.m */; };
		AE00EED6D80549D6A7E4DFE7 /* CDVConnection.m in Sources */ = {isa = PBXBuildFile; fileRef = 2A9C76AC7297416CB1C1598B /* CDVConnection.m */; };
		B04AF009A2A44EF88C1D5D99 /* CDVCompass.m in Sources */ = {isa = PBXBuildFile; fileRef = C7FBB17E29604481AFB8D17C /* CDVCompass.m */; };
		B2596A178F9047848CFF206F /* CDVCamera.m in Sources */ = {isa = PBXBuildFile; fileRef = 28D3D10D2A4841FBBFB86D1A /* CDVCamera.m */; };
		B791B4714C494DCB9BF34A9F /* AddressBookUI.framework in Frameworks */ = {isa = PBXBuildFile; fileRef = 99E75C0AACD842AF83FE1F97 /* AddressBookUI.framework */; settings = {ATTRIBUTES = (Weak, ); }; };
		C93683E4CD5B4EDAB507B7DE /* CDVContact.m in Sources */ = {isa = PBXBuildFile; fileRef = A7A48486AAF34EA0BA692705 /* CDVContact.m */; };
		CA8DBAF96C1541699B5C0A16 /* CDVSound.m in Sources */ = {isa = PBXBuildFile; fileRef = D99904082B8748FC9D806378 /* CDVSound.m */; };
		CACF60B5635F4900B3A0A2A7 /* CDVReachability.m in Sources */ = {isa = PBXBuildFile; fileRef = 8F3F1C39D47B44FB9E8A8205 /* CDVReachability.m */; };
		D4D93D93CEB640F38B85C6DF /* CDVLogger.m in Sources */ = {isa = PBXBuildFile; fileRef = ACAE7C1F55194B69B01C11DF /* CDVLogger.m */; };
		D83FB2339A6442A19F6909F6 /* CDVAssetLibraryFilesystem.m in Sources */ = {isa = PBXBuildFile; fileRef = 0580B97833F04B259E16462C /* CDVAssetLibraryFilesystem.m */; };
		DBFDD9BA84BC4102B2FE85C7 /* CoreTelephony.framework in Frameworks */ = {isa = PBXBuildFile; fileRef = D508F55E2C984D58BAA14F0D /* CoreTelephony.framework */; };
		DD593BB50C634490ABF4EAE8 /* CoreLocation.framework in Frameworks */ = {isa = PBXBuildFile; fileRef = DB38D93722B44810A31FD2A8 /* CoreLocation.framework */; };
		E1B4CC39AF8C4AB0B8066561 /* UIImage+CropScaleOrientation.m in Sources */ = {isa = PBXBuildFile; fileRef = 0994042F0E26480B871D3EAA /* UIImage+CropScaleOrientation.m */; };
		E6515018FBAB4A18B9A4DEDD /* CoreMotion.framework in Frameworks */ = {isa = PBXBuildFile; fileRef = C01D018EF2144B72B57CB4CD /* CoreMotion.framework */; };
		E7DD81F3EF3841939A233C38 /* CDVDevice.m in Sources */ = {isa = PBXBuildFile; fileRef = 97B48FF622D744C4A3EEAAB4 /* CDVDevice.m */; };
		E7E5DF12905146C1AB218434 /* AVFoundation.framework in Frameworks */ = {isa = PBXBuildFile; fileRef = 3E89F54F50C046719F5DEE86 /* AVFoundation.framework */; };
		ED35081ECEC74BAAABEDF88B /* CDVCapture.bundle in Resources */ = {isa = PBXBuildFile; fileRef = 4314A36251D24BECA000C0F7 /* CDVCapture.bundle */; };
		F11305D4D37846979F759126 /* CDVStatusBar.m in Sources */ = {isa = PBXBuildFile; fileRef = EE00339DC21747E0A987DB2C /* CDVStatusBar.m */; };
/* End PBXBuildFile section */

/* Begin PBXContainerItemProxy section */
		2C89D2CA251CF16800E9C064 /* PBXContainerItemProxy */ = {
			isa = PBXContainerItemProxy;
			containerPortal = 301BF52D109A57CC0062928A /* CordovaLib/CordovaLib.xcodeproj */;
			proxyType = 2;
			remoteGlobalIDString = C0C01EB21E3911D50056E6CB;
			remoteInfo = Cordova;
		};
		301BF534109A57CC0062928A /* PBXContainerItemProxy */ = {
			isa = PBXContainerItemProxy;
			containerPortal = 301BF52D109A57CC0062928A /* CordovaLib/CordovaLib.xcodeproj */;
			proxyType = 2;
			remoteGlobalIDString = D2AAC07E0554694100DB518D;
			remoteInfo = CordovaLib;
		};
		301BF550109A68C00062928A /* PBXContainerItemProxy */ = {
			isa = PBXContainerItemProxy;
			containerPortal = 301BF52D109A57CC0062928A /* CordovaLib/CordovaLib.xcodeproj */;
			proxyType = 1;
			remoteGlobalIDString = D2AAC07D0554694100DB518D;
			remoteInfo = CordovaLib;
		};
/* End PBXContainerItemProxy section */

/* Begin PBXFileReference section */
		0207DA571B56EA530066E2B4 /* Images.xcassets */ = {isa = PBXFileReference; lastKnownFileType = folder.assetcatalog; name = Images.xcassets; path = Emes/Images.xcassets; sourceTree = SOURCE_ROOT; };
		045179CDFF18421C84AB1CD3 /* CDVContacts.h */ = {isa = PBXFileReference; explicitFileType = undefined; fileEncoding = 4; includeInIndex = 0; lastKnownFileType = sourcecode.c.h; name = CDVContacts.h; path = "cordova-plugin-contacts/CDVContacts.h"; sourceTree = "<group>"; };
		0558704FA6D94B16857A458F /* CDVContact.h */ = {isa = PBXFileReference; explicitFileType = undefined; fileEncoding = 4; includeInIndex = 0; lastKnownFileType = sourcecode.c.h; name = CDVContact.h; path = "cordova-plugin-contacts/CDVContact.h"; sourceTree = "<group>"; };
		0580B97833F04B259E16462C /* CDVAssetLibraryFilesystem.m */ = {isa = PBXFileReference; explicitFileType = undefined; fileEncoding = 4; includeInIndex = 0; lastKnownFileType = sourcecode.c.objc; name = CDVAssetLibraryFilesystem.m; path = "cordova-plugin-file/CDVAssetLibraryFilesystem.m"; sourceTree = "<group>"; };
		0994042F0E26480B871D3EAA /* UIImage+CropScaleOrientation.m */ = {isa = PBXFileReference; explicitFileType = undefined; fileEncoding = 4; includeInIndex = 0; lastKnownFileType = sourcecode.c.objc; name = "UIImage+CropScaleOrientation.m"; path = "cordova-plugin-camera/UIImage+CropScaleOrientation.m"; sourceTree = "<group>"; };
		09C5CF9E1322448481C00AEF /* CDVJpegHeaderWriter.m */ = {isa = PBXFileReference; explicitFileType = undefined; fileEncoding = 4; includeInIndex = 0; lastKnownFileType = sourcecode.c.objc; name = CDVJpegHeaderWriter.m; path = "cordova-plugin-camera/CDVJpegHeaderWriter.m"; sourceTree = "<group>"; };
		0AA2B48F9A95426483A40097 /* CDVNotification.bundle */ = {isa = PBXFileReference; explicitFileType = undefined; fileEncoding = 9; includeInIndex = 0; lastKnownFileType = "wrapper.plug-in"; path = CDVNotification.bundle; sourceTree = "<group>"; };
		0B58BB47A65B4A61A5AE802E /* CDVNotification.m */ = {isa = PBXFileReference; explicitFileType = undefined; fileEncoding = 4; includeInIndex = 0; lastKnownFileType = sourcecode.c.objc; name = CDVNotification.m; path = "cordova-plugin-dialogs/CDVNotification.m"; sourceTree = "<group>"; };
		1385572676C242AF8A3DB57A /* CDVLocalFilesystem.m */ = {isa = PBXFileReference; explicitFileType = undefined; fileEncoding = 4; includeInIndex = 0; lastKnownFileType = sourcecode.c.objc; name = CDVLocalFilesystem.m; path = "cordova-plugin-file/CDVLocalFilesystem.m"; sourceTree = "<group>"; };
		1C0E640D59224C7FB29E9C6C /* SystemConfiguration.framework */ = {isa = PBXFileReference; explicitFileType = undefined; fileEncoding = 9; includeInIndex = 0; lastKnownFileType = wrapper.framework; name = SystemConfiguration.framework; path = System/Library/Frameworks/SystemConfiguration.framework; sourceTree = SDKROOT; };
		1D3623240D0F684500981E51 /* AppDelegate.h */ = {isa = PBXFileReference; fileEncoding = 4; lastKnownFileType = sourcecode.c.h; path = AppDelegate.h; sourceTree = "<group>"; };
		1D3623250D0F684500981E51 /* AppDelegate.m */ = {isa = PBXFileReference; fileEncoding = 4; lastKnownFileType = sourcecode.c.objc; path = AppDelegate.m; sourceTree = "<group>"; };
		1D6058910D05DD3D006BFB54 /* Emes.app */ = {isa = PBXFileReference; explicitFileType = wrapper.application; includeInIndex = 0; path = Emes.app; sourceTree = BUILT_PRODUCTS_DIR; };
		2306E1DDF8DF4A7EB33B9335 /* CDVLocation.h */ = {isa = PBXFileReference; explicitFileType = undefined; fileEncoding = 4; includeInIndex = 0; lastKnownFileType = sourcecode.c.h; name = CDVLocation.h; path = "cordova-plugin-geolocation/CDVLocation.h"; sourceTree = "<group>"; };
		24F34E298BA142B1B69AD724 /* CDVCapture.h */ = {isa = PBXFileReference; explicitFileType = undefined; fileEncoding = 4; includeInIndex = 0; lastKnownFileType = sourcecode.c.h; name = CDVCapture.h; path = "cordova-plugin-media-capture/CDVCapture.h"; sourceTree = "<group>"; };
		28D3D10D2A4841FBBFB86D1A /* CDVCamera.m */ = {isa = PBXFileReference; explicitFileType = undefined; fileEncoding = 4; includeInIndex = 0; lastKnownFileType = sourcecode.c.objc; name = CDVCamera.m; path = "cordova-plugin-camera/CDVCamera.m"; sourceTree = "<group>"; };
		29B97316FDCFA39411CA2CEA /* main.m */ = {isa = PBXFileReference; fileEncoding = 4; lastKnownFileType = sourcecode.c.objc; path = main.m; sourceTree = "<group>"; };
		2A9C76AC7297416CB1C1598B /* CDVConnection.m */ = {isa = PBXFileReference; explicitFileType = undefined; fileEncoding = 4; includeInIndex = 0; lastKnownFileType = sourcecode.c.objc; name = CDVConnection.m; path = "cordova-plugin-network-information/CDVConnection.m"; sourceTree = "<group>"; };
		2EEA3C63AFE340B29EF45B53 /* CDVFileTransfer.h */ = {isa = PBXFileReference; explicitFileType = undefined; fileEncoding = 4; includeInIndex = 0; lastKnownFileType = sourcecode.c.h; name = CDVFileTransfer.h; path = "cordova-plugin-file-transfer/CDVFileTransfer.h"; sourceTree = "<group>"; };
		301BF52D109A57CC0062928A /* CordovaLib/CordovaLib.xcodeproj */ = {isa = PBXFileReference; lastKnownFileType = "wrapper.pb-project"; path = CordovaLib/CordovaLib.xcodeproj; sourceTree = "<group>"; };
		301BF56E109A69640062928A /* www */ = {isa = PBXFileReference; lastKnownFileType = folder; path = www; sourceTree = SOURCE_ROOT; };
		302D95EE14D2391D003F00A1 /* MainViewController.h */ = {isa = PBXFileReference; fileEncoding = 4; lastKnownFileType = sourcecode.c.h; path = MainViewController.h; sourceTree = "<group>"; };
		302D95EF14D2391D003F00A1 /* MainViewController.m */ = {isa = PBXFileReference; fileEncoding = 4; lastKnownFileType = sourcecode.c.objc; path = MainViewController.m; sourceTree = "<group>"; };
		302D95F014D2391D003F00A1 /* MainViewController.xib */ = {isa = PBXFileReference; fileEncoding = 4; lastKnownFileType = file.xib; path = MainViewController.xib; sourceTree = "<group>"; };
		303B6671E49A4AE297896201 /* CDVVibration.m */ = {isa = PBXFileReference; explicitFileType = undefined; fileEncoding = 4; includeInIndex = 0; lastKnownFileType = sourcecode.c.objc; name = CDVVibration.m; path = "cordova-plugin-vibration/CDVVibration.m"; sourceTree = "<group>"; };
		3047A50F1AB8059700498E2A /* build-debug.xcconfig */ = {isa = PBXFileReference; fileEncoding = 4; lastKnownFileType = text.xcconfig; name = "build-debug.xcconfig"; path = "cordova/build-debug.xcconfig"; sourceTree = SOURCE_ROOT; };
		3047A5101AB8059700498E2A /* build-release.xcconfig */ = {isa = PBXFileReference; fileEncoding = 4; lastKnownFileType = text.xcconfig; name = "build-release.xcconfig"; path = "cordova/build-release.xcconfig"; sourceTree = SOURCE_ROOT; };
		3047A5111AB8059700498E2A /* build.xcconfig */ = {isa = PBXFileReference; fileEncoding = 4; lastKnownFileType = text.xcconfig; name = build.xcconfig; path = cordova/build.xcconfig; sourceTree = SOURCE_ROOT; };
		32CA4F630368D1EE00C91783 /* Emes-Prefix.pch */ = {isa = PBXFileReference; fileEncoding = 4; lastKnownFileType = sourcecode.c.h; path = "Emes-Prefix.pch"; sourceTree = "<group>"; };
		37153F15AB7A4A01BC9B279E /* CDVJpegHeaderWriter.h */ = {isa = PBXFileReference; explicitFileType = undefined; fileEncoding = 4; includeInIndex = 0; lastKnownFileType = sourcecode.c.h; name = CDVJpegHeaderWriter.h; path = "cordova-plugin-camera/CDVJpegHeaderWriter.h"; sourceTree = "<group>"; };
		3D5210A5E0A64867BE5112EC /* CDVWKInAppBrowserUIDelegate.h */ = {isa = PBXFileReference; explicitFileType = undefined; fileEncoding = 4; includeInIndex = 0; lastKnownFileType = sourcecode.c.h; name = CDVWKInAppBrowserUIDelegate.h; path = "cordova-plugin-inappbrowser/CDVWKInAppBrowserUIDelegate.h"; sourceTree = "<group>"; };
		3E89F54F50C046719F5DEE86 /* AVFoundation.framework */ = {isa = PBXFileReference; explicitFileType = undefined; fileEncoding = 9; includeInIndex = 0; lastKnownFileType = wrapper.framework; name = AVFoundation.framework; path = System/Library/Frameworks/AVFoundation.framework; sourceTree = SDKROOT; };
		4314A36251D24BECA000C0F7 /* CDVCapture.bundle */ = {isa = PBXFileReference; explicitFileType = undefined; fileEncoding = 9; includeInIndex = 0; lastKnownFileType = "wrapper.plug-in"; path = CDVCapture.bundle; sourceTree = "<group>"; };
		49935FA979FE42ADA9798C5E /* CDVAccelerometer.m */ = {isa = PBXFileReference; explicitFileType = undefined; fileEncoding = 4; includeInIndex = 0; lastKnownFileType = sourcecode.c.objc; name = CDVAccelerometer.m; path = "cordova-plugin-device-motion/CDVAccelerometer.m"; sourceTree = "<group>"; };
		4BC43D40E96446D4A4CDEA08 /* CDVLocation.m */ = {isa = PBXFileReference; explicitFileType = undefined; fileEncoding = 4; includeInIndex = 0; lastKnownFileType = sourcecode.c.objc; name = CDVLocation.m; path = "cordova-plugin-geolocation/CDVLocation.m"; sourceTree = "<group>"; };
		4CDDD27B39C74D86993BE50F /* AddressBook.framework */ = {isa = PBXFileReference; explicitFileType = undefined; fileEncoding = 9; includeInIndex = 0; lastKnownFileType = wrapper.framework; name = AddressBook.framework; path = System/Library/Frameworks/AddressBook.framework; sourceTree = SDKROOT; };
		4E027439479B45638C6C953B /* CDVWKInAppBrowserUIDelegate.m */ = {isa = PBXFileReference; explicitFileType = undefined; fileEncoding = 4; includeInIndex = 0; lastKnownFileType = sourcecode.c.objc; name = CDVWKInAppBrowserUIDelegate.m; path = "cordova-plugin-inappbrowser/CDVWKInAppBrowserUIDelegate.m"; sourceTree = "<group>"; };
		54B90EF8FF674E47A3E649FA /* CDVReachability.h */ = {isa = PBXFileReference; explicitFileType = undefined; fileEncoding = 4; includeInIndex = 0; lastKnownFileType = sourcecode.c.h; name = CDVReachability.h; path = "cordova-plugin-network-information/CDVReachability.h"; sourceTree = "<group>"; };
		57CFBF550A324595856FA53D /* CDVGlobalization.m */ = {isa = PBXFileReference; explicitFileType = undefined; fileEncoding = 4; includeInIndex = 0; lastKnownFileType = sourcecode.c.objc; name = CDVGlobalization.m; path = "cordova-plugin-globalization/CDVGlobalization.m"; sourceTree = "<group>"; };
		5B9DC82D974A4C2687A8AE14 /* CDVStatusBar.h */ = {isa = PBXFileReference; explicitFileType = undefined; fileEncoding = 4; includeInIndex = 0; lastKnownFileType = sourcecode.c.h; name = CDVStatusBar.h; path = "cordova-plugin-statusbar/CDVStatusBar.h"; sourceTree = "<group>"; };
		5CDFD1077A514360AF363F1C /* CDVCapture.m */ = {isa = PBXFileReference; explicitFileType = undefined; fileEncoding = 4; includeInIndex = 0; lastKnownFileType = sourcecode.c.objc; name = CDVCapture.m; path = "cordova-plugin-media-capture/CDVCapture.m"; sourceTree = "<group>"; };
		5DBE6E7CCCD945FB8AD77CF4 /* CDVVibration.h */ = {isa = PBXFileReference; explicitFileType = undefined; fileEncoding = 4; includeInIndex = 0; lastKnownFileType = sourcecode.c.h; name = CDVVibration.h; path = "cordova-plugin-vibration/CDVVibration.h"; sourceTree = "<group>"; };
		5E8FCF254F794D3AB89FB059 /* CDVInAppBrowserNavigationController.m */ = {isa = PBXFileReference; explicitFileType = undefined; fileEncoding = 4; includeInIndex = 0; lastKnownFileType = sourcecode.c.objc; name = CDVInAppBrowserNavigationController.m; path = "cordova-plugin-inappbrowser/CDVInAppBrowserNavigationController.m"; sourceTree = "<group>"; };
		5F9AE9255D004B6FA33F1EDD /* AudioToolbox.framework */ = {isa = PBXFileReference; explicitFileType = undefined; fileEncoding = 9; includeInIndex = 0; lastKnownFileType = wrapper.framework; name = AudioToolbox.framework; path = System/Library/Frameworks/AudioToolbox.framework; sourceTree = SDKROOT; };
		6AFF5BF81D6E424B00AB3073 /* CDVLaunchScreen.storyboard */ = {isa = PBXFileReference; fileEncoding = 4; lastKnownFileType = file.storyboard; name = CDVLaunchScreen.storyboard; path = Emes/CDVLaunchScreen.storyboard; sourceTree = SOURCE_ROOT; };
		6EEAF467F5824338963EE193 /* CDVWKInAppBrowser.m */ = {isa = PBXFileReference; explicitFileType = undefined; fileEncoding = 4; includeInIndex = 0; lastKnownFileType = sourcecode.c.objc; name = CDVWKInAppBrowser.m; path = "cordova-plugin-inappbrowser/CDVWKInAppBrowser.m"; sourceTree = "<group>"; };
		7D701BFC06EC44B0B89A68BE /* CDVConnection.h */ = {isa = PBXFileReference; explicitFileType = undefined; fileEncoding = 4; includeInIndex = 0; lastKnownFileType = sourcecode.c.h; name = CDVConnection.h; path = "cordova-plugin-network-information/CDVConnection.h"; sourceTree = "<group>"; };
		7D7A58ED7AF34539B4C56703 /* ImageIO.framework */ = {isa = PBXFileReference; explicitFileType = undefined; fileEncoding = 9; includeInIndex = 0; lastKnownFileType = wrapper.framework; name = ImageIO.framework; path = System/Library/Frameworks/ImageIO.framework; sourceTree = SDKROOT; };
		7F4DD7E0B5BB4EFB927EF761 /* CDVAccelerometer.h */ = {isa = PBXFileReference; explicitFileType = undefined; fileEncoding = 4; includeInIndex = 0; lastKnownFileType = sourcecode.c.h; name = CDVAccelerometer.h; path = "cordova-plugin-device-motion/CDVAccelerometer.h"; sourceTree = "<group>"; };
		8100EDCF8883478BB0CEBB84 /* UIImage+CropScaleOrientation.h */ = {isa = PBXFileReference; explicitFileType = undefined; fileEncoding = 4; includeInIndex = 0; lastKnownFileType = sourcecode.c.h; name = "UIImage+CropScaleOrientation.h"; path = "cordova-plugin-camera/UIImage+CropScaleOrientation.h"; sourceTree = "<group>"; };
		85385183F4D34A47A047EABF /* CDVGlobalization.h */ = {isa = PBXFileReference; explicitFileType = undefined; fileEncoding = 4; includeInIndex = 0; lastKnownFileType = sourcecode.c.h; name = CDVGlobalization.h; path = "cordova-plugin-globalization/CDVGlobalization.h"; sourceTree = "<group>"; };
		85AD7E8543C242D9A205DD25 /* CDVContacts.m */ = {isa = PBXFileReference; explicitFileType = undefined; fileEncoding = 4; includeInIndex = 0; lastKnownFileType = sourcecode.c.objc; name = CDVContacts.m; path = "cordova-plugin-contacts/CDVContacts.m"; sourceTree = "<group>"; };
		8960FBC11E324551A02342A9 /* CDVLocalFilesystem.h */ = {isa = PBXFileReference; explicitFileType = undefined; fileEncoding = 4; includeInIndex = 0; lastKnownFileType = sourcecode.c.h; name = CDVLocalFilesystem.h; path = "cordova-plugin-file/CDVLocalFilesystem.h"; sourceTree = "<group>"; };
		8CB247ABF27546CBBCF77D21 /* CDVInAppBrowserNavigationController.h */ = {isa = PBXFileReference; explicitFileType = undefined; fileEncoding = 4; includeInIndex = 0; lastKnownFileType = sourcecode.c.h; name = CDVInAppBrowserNavigationController.h; path = "cordova-plugin-inappbrowser/CDVInAppBrowserNavigationController.h"; sourceTree = "<group>"; };
		8D1107310486CEB800E47090 /* Emes-Info.plist */ = {isa = PBXFileReference; fileEncoding = 4; lastKnownFileType = text.plist.xml; name = "Emes-Info.plist"; path = "Emes/Emes-Info.plist"; plistStructureDefinitionIdentifier = "com.apple.xcode.plist.structure-definition.iphone.info-plist"; sourceTree = SOURCE_ROOT; };
		8E58974844AA43A4839C08CD /* CDVWKInAppBrowser.h */ = {isa = PBXFileReference; explicitFileType = undefined; fileEncoding = 4; includeInIndex = 0; lastKnownFileType = sourcecode.c.h; name = CDVWKInAppBrowser.h; path = "cordova-plugin-inappbrowser/CDVWKInAppBrowser.h"; sourceTree = "<group>"; };
		8F3F1C39D47B44FB9E8A8205 /* CDVReachability.m */ = {isa = PBXFileReference; explicitFileType = undefined; fileEncoding = 4; includeInIndex = 0; lastKnownFileType = sourcecode.c.objc; name = CDVReachability.m; path = "cordova-plugin-network-information/CDVReachability.m"; sourceTree = "<group>"; };
		92AB8469F39648EF80DC2ECD /* CDVLogger.h */ = {isa = PBXFileReference; explicitFileType = undefined; fileEncoding = 4; includeInIndex = 0; lastKnownFileType = sourcecode.c.h; name = CDVLogger.h; path = "cordova-plugin-console/CDVLogger.h"; sourceTree = "<group>"; };
		93C9C9AC18E6409880536ABD /* CDVDevice.h */ = {isa = PBXFileReference; explicitFileType = undefined; fileEncoding = 4; includeInIndex = 0; lastKnownFileType = sourcecode.c.h; name = CDVDevice.h; path = "cordova-plugin-device/CDVDevice.h"; sourceTree = "<group>"; };
		9602E64B514D4A149B87C61B /* CDVCompass.h */ = {isa = PBXFileReference; explicitFileType = undefined; fileEncoding = 4; includeInIndex = 0; lastKnownFileType = sourcecode.c.h; name = CDVCompass.h; path = "cordova-plugin-device-orientation/CDVCompass.h"; sourceTree = "<group>"; };
		97B48FF622D744C4A3EEAAB4 /* CDVDevice.m */ = {isa = PBXFileReference; explicitFileType = undefined; fileEncoding = 4; includeInIndex = 0; lastKnownFileType = sourcecode.c.objc; name = CDVDevice.m; path = "cordova-plugin-device/CDVDevice.m"; sourceTree = "<group>"; };
		99E75C0AACD842AF83FE1F97 /* AddressBookUI.framework */ = {isa = PBXFileReference; explicitFileType = undefined; fileEncoding = 9; includeInIndex = 0; lastKnownFileType = wrapper.framework; name = AddressBookUI.framework; path = System/Library/Frameworks/AddressBookUI.framework; sourceTree = SDKROOT; };
		9B34F73FC6D244BC8E388AF5 /* CDVExif.h */ = {isa = PBXFileReference; explicitFileType = undefined; fileEncoding = 4; includeInIndex = 0; lastKnownFileType = sourcecode.c.h; name = CDVExif.h; path = "cordova-plugin-camera/CDVExif.h"; sourceTree = "<group>"; };
		9E013753A0674DFE9C293F33 /* CDVBattery.m */ = {isa = PBXFileReference; explicitFileType = undefined; fileEncoding = 4; includeInIndex = 0; lastKnownFileType = sourcecode.c.objc; name = CDVBattery.m; path = "cordova-plugin-battery-status/CDVBattery.m"; sourceTree = "<group>"; };
		A7425B63A0A74FD78B7CA142 /* CDVInAppBrowserOptions.h */ = {isa = PBXFileReference; explicitFileType = undefined; fileEncoding = 4; includeInIndex = 0; lastKnownFileType = sourcecode.c.h; name = CDVInAppBrowserOptions.h; path = "cordova-plugin-inappbrowser/CDVInAppBrowserOptions.h"; sourceTree = "<group>"; };
		A7A48486AAF34EA0BA692705 /* CDVContact.m */ = {isa = PBXFileReference; explicitFileType = undefined; fileEncoding = 4; includeInIndex = 0; lastKnownFileType = sourcecode.c.objc; name = CDVContact.m; path = "cordova-plugin-contacts/CDVContact.m"; sourceTree = "<group>"; };
		ACAE7C1F55194B69B01C11DF /* CDVLogger.m */ = {isa = PBXFileReference; explicitFileType = undefined; fileEncoding = 4; includeInIndex = 0; lastKnownFileType = sourcecode.c.objc; name = CDVLogger.m; path = "cordova-plugin-console/CDVLogger.m"; sourceTree = "<group>"; };
		C01D018EF2144B72B57CB4CD /* CoreMotion.framework */ = {isa = PBXFileReference; explicitFileType = undefined; fileEncoding = 9; includeInIndex = 0; lastKnownFileType = wrapper.framework; name = CoreMotion.framework; path = System/Library/Frameworks/CoreMotion.framework; sourceTree = SDKROOT; };
		C0AC9F5B399C4D74BE01ABBE /* CDVBattery.h */ = {isa = PBXFileReference; explicitFileType = undefined; fileEncoding = 4; includeInIndex = 0; lastKnownFileType = sourcecode.c.h; name = CDVBattery.h; path = "cordova-plugin-battery-status/CDVBattery.h"; sourceTree = "<group>"; };
		C1FCCE42B2A8438D942932AC /* CDVCamera.h */ = {isa = PBXFileReference; explicitFileType = undefined; fileEncoding = 4; includeInIndex = 0; lastKnownFileType = sourcecode.c.h; name = CDVCamera.h; path = "cordova-plugin-camera/CDVCamera.h"; sourceTree = "<group>"; };
		C7FBB17E29604481AFB8D17C /* CDVCompass.m */ = {isa = PBXFileReference; explicitFileType = undefined; fileEncoding = 4; includeInIndex = 0; lastKnownFileType = sourcecode.c.objc; name = CDVCompass.m; path = "cordova-plugin-device-orientation/CDVCompass.m"; sourceTree = "<group>"; };
		C97D3A6A84184C19A1240022 /* CDVSound.h */ = {isa = PBXFileReference; explicitFileType = undefined; fileEncoding = 4; includeInIndex = 0; lastKnownFileType = sourcecode.c.h; name = CDVSound.h; path = "cordova-plugin-media/CDVSound.h"; sourceTree = "<group>"; };
		D0B0B55E6BE6451480B2C141 /* CDVFile.h */ = {isa = PBXFileReference; explicitFileType = undefined; fileEncoding = 4; includeInIndex = 0; lastKnownFileType = sourcecode.c.h; name = CDVFile.h; path = "cordova-plugin-file/CDVFile.h"; sourceTree = "<group>"; };
		D0D9A6CCE75340BCB19BBAD3 /* CDVFile.m */ = {isa = PBXFileReference; explicitFileType = undefined; fileEncoding = 4; includeInIndex = 0; lastKnownFileType = sourcecode.c.objc; name = CDVFile.m; path = "cordova-plugin-file/CDVFile.m"; sourceTree = "<group>"; };
		D11FC244405B4C2DA68CDAFF /* CDVNotification.h */ = {isa = PBXFileReference; explicitFileType = undefined; fileEncoding = 4; includeInIndex = 0; lastKnownFileType = sourcecode.c.h; name = CDVNotification.h; path = "cordova-plugin-dialogs/CDVNotification.h"; sourceTree = "<group>"; };
		D508F55E2C984D58BAA14F0D /* CoreTelephony.framework */ = {isa = PBXFileReference; explicitFileType = undefined; fileEncoding = 9; includeInIndex = 0; lastKnownFileType = wrapper.framework; name = CoreTelephony.framework; path = System/Library/Frameworks/CoreTelephony.framework; sourceTree = SDKROOT; };
		D834DDD52CA74CA3B27B70CE /* CDVAssetLibraryFilesystem.h */ = {isa = PBXFileReference; explicitFileType = undefined; fileEncoding = 4; includeInIndex = 0; lastKnownFileType = sourcecode.c.h; name = CDVAssetLibraryFilesystem.h; path = "cordova-plugin-file/CDVAssetLibraryFilesystem.h"; sourceTree = "<group>"; };
		D99904082B8748FC9D806378 /* CDVSound.m */ = {isa = PBXFileReference; explicitFileType = undefined; fileEncoding = 4; includeInIndex = 0; lastKnownFileType = sourcecode.c.objc; name = CDVSound.m; path = "cordova-plugin-media/CDVSound.m"; sourceTree = "<group>"; };
		DB38D93722B44810A31FD2A8 /* CoreLocation.framework */ = {isa = PBXFileReference; explicitFileType = undefined; fileEncoding = 9; includeInIndex = 0; lastKnownFileType = wrapper.framework; name = CoreLocation.framework; path = System/Library/Frameworks/CoreLocation.framework; sourceTree = SDKROOT; };
		DBA49DE085F342F19C6F5BD3 /* CDVInAppBrowserOptions.m */ = {isa = PBXFileReference; explicitFileType = undefined; fileEncoding = 4; includeInIndex = 0; lastKnownFileType = sourcecode.c.objc; name = CDVInAppBrowserOptions.m; path = "cordova-plugin-inappbrowser/CDVInAppBrowserOptions.m"; sourceTree = "<group>"; };
		EB87FDF31871DA8E0020F90C /* www */ = {isa = PBXFileReference; lastKnownFileType = folder; name = www; path = ../../www; sourceTree = "<group>"; };
		EB87FDF41871DAF40020F90C /* config.xml */ = {isa = PBXFileReference; lastKnownFileType = text.xml; name = config.xml; path = ../../config.xml; sourceTree = "<group>"; };
		ED33DF2A687741AEAF9F8254 /* Bridging-Header.h */ = {isa = PBXFileReference; fileEncoding = 4; lastKnownFileType = sourcecode.c.h; path = "Bridging-Header.h"; sourceTree = "<group>"; };
		EE00339DC21747E0A987DB2C /* CDVStatusBar.m */ = {isa = PBXFileReference; explicitFileType = undefined; fileEncoding = 4; includeInIndex = 0; lastKnownFileType = sourcecode.c.objc; name = CDVStatusBar.m; path = "cordova-plugin-statusbar/CDVStatusBar.m"; sourceTree = "<group>"; };
		F840E1F0165FE0F500CFE078 /* config.xml */ = {isa = PBXFileReference; lastKnownFileType = text.xml; name = config.xml; path = Emes/config.xml; sourceTree = "<group>"; };
		FC8C463A315444CD99AD854B /* CDVFileTransfer.m */ = {isa = PBXFileReference; explicitFileType = undefined; fileEncoding = 4; includeInIndex = 0; lastKnownFileType = sourcecode.c.objc; name = CDVFileTransfer.m; path = "cordova-plugin-file-transfer/CDVFileTransfer.m"; sourceTree = "<group>"; };
/* End PBXFileReference section */

/* Begin PBXFrameworksBuildPhase section */
		1D60588F0D05DD3D006BFB54 /* Frameworks */ = {
			isa = PBXFrameworksBuildPhase;
			buildActionMask = 2147483647;
			files = (
				301BF552109A68D80062928A /* libCordova.a in Frameworks */,
				1580C2CFD0494AE49E79FB47 /* ImageIO.framework in Frameworks */,
				DD593BB50C634490ABF4EAE8 /* CoreLocation.framework in Frameworks */,
				E7E5DF12905146C1AB218434 /* AVFoundation.framework in Frameworks */,
				742DE018685D4022BF66D386 /* AddressBook.framework in Frameworks */,
				B791B4714C494DCB9BF34A9F /* AddressBookUI.framework in Frameworks */,
				E6515018FBAB4A18B9A4DEDD /* CoreMotion.framework in Frameworks */,
				3F19D634C9684AAE8B159E47 /* AudioToolbox.framework in Frameworks */,
				6244578DBF914AEA9C28313A /* SystemConfiguration.framework in Frameworks */,
				DBFDD9BA84BC4102B2FE85C7 /* CoreTelephony.framework in Frameworks */,
			);
			runOnlyForDeploymentPostprocessing = 0;
		};
/* End PBXFrameworksBuildPhase section */

/* Begin PBXGroup section */
		080E96DDFE201D6D7F000001 /* Classes */ = {
			isa = PBXGroup;
			children = (
				302D95EE14D2391D003F00A1 /* MainViewController.h */,
				302D95EF14D2391D003F00A1 /* MainViewController.m */,
				302D95F014D2391D003F00A1 /* MainViewController.xib */,
				1D3623240D0F684500981E51 /* AppDelegate.h */,
				1D3623250D0F684500981E51 /* AppDelegate.m */,
			);
			name = Classes;
			path = Emes/Classes;
			sourceTree = SOURCE_ROOT;
		};
		19C28FACFE9D520D11CA2CBB /* Products */ = {
			isa = PBXGroup;
			children = (
				1D6058910D05DD3D006BFB54 /* Emes.app */,
			);
			name = Products;
			sourceTree = "<group>";
		};
		29B97314FDCFA39411CA2CEA /* CustomTemplate */ = {
			isa = PBXGroup;
			children = (
				EB87FDF41871DAF40020F90C /* config.xml */,
				EB87FDF31871DA8E0020F90C /* www */,
				EB87FDF11871DA420020F90C /* Staging */,
				301BF52D109A57CC0062928A /* CordovaLib/CordovaLib.xcodeproj */,
				080E96DDFE201D6D7F000001 /* Classes */,
				307C750510C5A3420062BCA9 /* Plugins */,
				29B97315FDCFA39411CA2CEA /* Other Sources */,
				29B97317FDCFA39411CA2CEA /* Resources */,
				29B97323FDCFA39411CA2CEA /* Frameworks */,
				19C28FACFE9D520D11CA2CBB /* Products */,
			);
			name = CustomTemplate;
			sourceTree = "<group>";
		};
		29B97315FDCFA39411CA2CEA /* Other Sources */ = {
			isa = PBXGroup;
			children = (
				32CA4F630368D1EE00C91783 /* Emes-Prefix.pch */,
				29B97316FDCFA39411CA2CEA /* main.m */,
				ED33DF2A687741AEAF9F8254 /* Bridging-Header.h */,
			);
			name = "Other Sources";
			path = Emes;
			sourceTree = "<group>";
		};
		29B97317FDCFA39411CA2CEA /* Resources */ = {
			isa = PBXGroup;
			children = (
				0207DA571B56EA530066E2B4 /* Images.xcassets */,
				3047A50E1AB8057F00498E2A /* config */,
				8D1107310486CEB800E47090 /* Emes-Info.plist */,
				6AFF5BF81D6E424B00AB3073 /* CDVLaunchScreen.storyboard */,
				0AA2B48F9A95426483A40097 /* CDVNotification.bundle */,
				4314A36251D24BECA000C0F7 /* CDVCapture.bundle */,
			);
			name = Resources;
			path = Emes/Resources;
			sourceTree = "<group>";
		};
		29B97323FDCFA39411CA2CEA /* Frameworks */ = {
			isa = PBXGroup;
			children = (
				7D7A58ED7AF34539B4C56703 /* ImageIO.framework */,
				DB38D93722B44810A31FD2A8 /* CoreLocation.framework */,
				3E89F54F50C046719F5DEE86 /* AVFoundation.framework */,
				4CDDD27B39C74D86993BE50F /* AddressBook.framework */,
				99E75C0AACD842AF83FE1F97 /* AddressBookUI.framework */,
				C01D018EF2144B72B57CB4CD /* CoreMotion.framework */,
				5F9AE9255D004B6FA33F1EDD /* AudioToolbox.framework */,
				1C0E640D59224C7FB29E9C6C /* SystemConfiguration.framework */,
				D508F55E2C984D58BAA14F0D /* CoreTelephony.framework */,
			);
			name = Frameworks;
			sourceTree = "<group>";
		};
		301BF52E109A57CC0062928A /* Products */ = {
			isa = PBXGroup;
			children = (
				301BF535109A57CC0062928A /* libCordova.a */,
				2C89D2CB251CF16800E9C064 /* Cordova.framework */,
			);
			name = Products;
			sourceTree = "<group>";
		};
		3047A50E1AB8057F00498E2A /* config */ = {
			isa = PBXGroup;
			children = (
				3047A50F1AB8059700498E2A /* build-debug.xcconfig */,
				3047A5101AB8059700498E2A /* build-release.xcconfig */,
				3047A5111AB8059700498E2A /* build.xcconfig */,
			);
			name = config;
			sourceTree = "<group>";
		};
		307C750510C5A3420062BCA9 /* Plugins */ = {
			isa = PBXGroup;
			children = (
				9E013753A0674DFE9C293F33 /* CDVBattery.m */,
				C0AC9F5B399C4D74BE01ABBE /* CDVBattery.h */,
				0994042F0E26480B871D3EAA /* UIImage+CropScaleOrientation.m */,
				28D3D10D2A4841FBBFB86D1A /* CDVCamera.m */,
				09C5CF9E1322448481C00AEF /* CDVJpegHeaderWriter.m */,
				8100EDCF8883478BB0CEBB84 /* UIImage+CropScaleOrientation.h */,
				C1FCCE42B2A8438D942932AC /* CDVCamera.h */,
				37153F15AB7A4A01BC9B279E /* CDVJpegHeaderWriter.h */,
				9B34F73FC6D244BC8E388AF5 /* CDVExif.h */,
				ACAE7C1F55194B69B01C11DF /* CDVLogger.m */,
				92AB8469F39648EF80DC2ECD /* CDVLogger.h */,
				85AD7E8543C242D9A205DD25 /* CDVContacts.m */,
				A7A48486AAF34EA0BA692705 /* CDVContact.m */,
				045179CDFF18421C84AB1CD3 /* CDVContacts.h */,
				0558704FA6D94B16857A458F /* CDVContact.h */,
				97B48FF622D744C4A3EEAAB4 /* CDVDevice.m */,
				93C9C9AC18E6409880536ABD /* CDVDevice.h */,
				49935FA979FE42ADA9798C5E /* CDVAccelerometer.m */,
				7F4DD7E0B5BB4EFB927EF761 /* CDVAccelerometer.h */,
				C7FBB17E29604481AFB8D17C /* CDVCompass.m */,
				9602E64B514D4A149B87C61B /* CDVCompass.h */,
				0B58BB47A65B4A61A5AE802E /* CDVNotification.m */,
				D11FC244405B4C2DA68CDAFF /* CDVNotification.h */,
				D0D9A6CCE75340BCB19BBAD3 /* CDVFile.m */,
				1385572676C242AF8A3DB57A /* CDVLocalFilesystem.m */,
				0580B97833F04B259E16462C /* CDVAssetLibraryFilesystem.m */,
				D0B0B55E6BE6451480B2C141 /* CDVFile.h */,
				8960FBC11E324551A02342A9 /* CDVLocalFilesystem.h */,
				D834DDD52CA74CA3B27B70CE /* CDVAssetLibraryFilesystem.h */,
				FC8C463A315444CD99AD854B /* CDVFileTransfer.m */,
				2EEA3C63AFE340B29EF45B53 /* CDVFileTransfer.h */,
				4BC43D40E96446D4A4CDEA08 /* CDVLocation.m */,
				2306E1DDF8DF4A7EB33B9335 /* CDVLocation.h */,
				57CFBF550A324595856FA53D /* CDVGlobalization.m */,
				85385183F4D34A47A047EABF /* CDVGlobalization.h */,
				DBA49DE085F342F19C6F5BD3 /* CDVInAppBrowserOptions.m */,
				5E8FCF254F794D3AB89FB059 /* CDVInAppBrowserNavigationController.m */,
				6EEAF467F5824338963EE193 /* CDVWKInAppBrowser.m */,
				4E027439479B45638C6C953B /* CDVWKInAppBrowserUIDelegate.m */,
				A7425B63A0A74FD78B7CA142 /* CDVInAppBrowserOptions.h */,
				8CB247ABF27546CBBCF77D21 /* CDVInAppBrowserNavigationController.h */,
				8E58974844AA43A4839C08CD /* CDVWKInAppBrowser.h */,
				3D5210A5E0A64867BE5112EC /* CDVWKInAppBrowserUIDelegate.h */,
				D99904082B8748FC9D806378 /* CDVSound.m */,
				C97D3A6A84184C19A1240022 /* CDVSound.h */,
				5CDFD1077A514360AF363F1C /* CDVCapture.m */,
				24F34E298BA142B1B69AD724 /* CDVCapture.h */,
				2A9C76AC7297416CB1C1598B /* CDVConnection.m */,
				8F3F1C39D47B44FB9E8A8205 /* CDVReachability.m */,
				7D701BFC06EC44B0B89A68BE /* CDVConnection.h */,
				54B90EF8FF674E47A3E649FA /* CDVReachability.h */,
				EE00339DC21747E0A987DB2C /* CDVStatusBar.m */,
				5B9DC82D974A4C2687A8AE14 /* CDVStatusBar.h */,
				303B6671E49A4AE297896201 /* CDVVibration.m */,
				5DBE6E7CCCD945FB8AD77CF4 /* CDVVibration.h */,
			);
			name = Plugins;
			path = Emes/Plugins;
			sourceTree = SOURCE_ROOT;
		};
		EB87FDF11871DA420020F90C /* Staging */ = {
			isa = PBXGroup;
			children = (
				F840E1F0165FE0F500CFE078 /* config.xml */,
				301BF56E109A69640062928A /* www */,
			);
			name = Staging;
			sourceTree = "<group>";
		};
/* End PBXGroup section */

/* Begin PBXNativeTarget section */
		1D6058900D05DD3D006BFB54 /* Emes */ = {
			isa = PBXNativeTarget;
			buildConfigurationList = 1D6058960D05DD3E006BFB54 /* Build configuration list for PBXNativeTarget "Emes" */;
			buildPhases = (
				304B58A110DAC018002A0835 /* Copy www directory */,
				1D60588D0D05DD3D006BFB54 /* Resources */,
				1D60588E0D05DD3D006BFB54 /* Sources */,
				1D60588F0D05DD3D006BFB54 /* Frameworks */,
			);
			buildRules = (
			);
			dependencies = (
				301BF551109A68C00062928A /* PBXTargetDependency */,
			);
			name = Emes;
			productName = Emes;
			productReference = 1D6058910D05DD3D006BFB54 /* Emes.app */;
			productType = "com.apple.product-type.application";
		};
/* End PBXNativeTarget section */

/* Begin PBXProject section */
		29B97313FDCFA39411CA2CEA /* Project object */ = {
			isa = PBXProject;
			attributes = {
				LastUpgradeCheck = 510;
				TargetAttributes = {
					1D6058900D05DD3D006BFB54 = {
						DevelopmentTeam = S762HFAH87;
						ProvisioningStyle = Manual;
					};
				};
			};
			buildConfigurationList = C01FCF4E08A954540054247B /* Build configuration list for PBXProject "Emes" */;
			compatibilityVersion = "Xcode 3.2";
			developmentRegion = English;
			hasScannedForEncodings = 1;
			knownRegions = (
				English,
				en,
				Base,
			);
			mainGroup = 29B97314FDCFA39411CA2CEA /* CustomTemplate */;
			projectDirPath = "";
			projectReferences = (
				{
					ProductGroup = 301BF52E109A57CC0062928A /* Products */;
					ProjectRef = 301BF52D109A57CC0062928A /* CordovaLib/CordovaLib.xcodeproj */;
				},
			);
			projectRoot = "";
			targets = (
				1D6058900D05DD3D006BFB54 /* Emes */,
			);
		};
/* End PBXProject section */

/* Begin PBXReferenceProxy section */
		2C89D2CB251CF16800E9C064 /* Cordova.framework */ = {
			isa = PBXReferenceProxy;
			fileType = wrapper.framework;
			path = Cordova.framework;
			remoteRef = 2C89D2CA251CF16800E9C064 /* PBXContainerItemProxy */;
			sourceTree = BUILT_PRODUCTS_DIR;
		};
		301BF535109A57CC0062928A /* libCordova.a */ = {
			isa = PBXReferenceProxy;
			fileType = archive.ar;
			path = libCordova.a;
			remoteRef = 301BF534109A57CC0062928A /* PBXContainerItemProxy */;
			sourceTree = BUILT_PRODUCTS_DIR;
		};
/* End PBXReferenceProxy section */

/* Begin PBXResourcesBuildPhase section */
		1D60588D0D05DD3D006BFB54 /* Resources */ = {
			isa = PBXResourcesBuildPhase;
			buildActionMask = 2147483647;
			files = (
				302D95F214D2391D003F00A1 /* MainViewController.xib in Resources */,
				0207DA581B56EA530066E2B4 /* Images.xcassets in Resources */,
				6AFF5BF91D6E424B00AB3073 /* CDVLaunchScreen.storyboard in Resources */,
				9D6023F65A5A4533B3992913 /* CDVNotification.bundle in Resources */,
				ED35081ECEC74BAAABEDF88B /* CDVCapture.bundle in Resources */,
			);
			runOnlyForDeploymentPostprocessing = 0;
		};
/* End PBXResourcesBuildPhase section */

/* Begin PBXShellScriptBuildPhase section */
		304B58A110DAC018002A0835 /* Copy www directory */ = {
			isa = PBXShellScriptBuildPhase;
			buildActionMask = 2147483647;
			files = (
			);
			inputPaths = (
			);
			name = "Copy www directory";
			outputPaths = (
			);
			runOnlyForDeploymentPostprocessing = 0;
			shellPath = /bin/sh;
			shellScript = "NODEJS_PATH=/usr/local/bin; NVM_NODE_PATH=~/.nvm/versions/node/`nvm version 2>/dev/null`/bin; N_NODE_PATH=`find /usr/local/n/versions/node/* -maxdepth 0 -type d 2>/dev/null | tail -1`/bin; XCODE_NODE_PATH=`xcode-select --print-path`/usr/share/xcs/Node/bin; PATH=$NODEJS_PATH:$NVM_NODE_PATH:$N_NODE_PATH:$XCODE_NODE_PATH:$PATH && node cordova/lib/copy-www-build-step.js";
			showEnvVarsInLog = 0;
		};
/* End PBXShellScriptBuildPhase section */

/* Begin PBXSourcesBuildPhase section */
		1D60588E0D05DD3D006BFB54 /* Sources */ = {
			isa = PBXSourcesBuildPhase;
			buildActionMask = 2147483647;
			files = (
				1D60589B0D05DD56006BFB54 /* main.m in Sources */,
				1D3623260D0F684500981E51 /* AppDelegate.m in Sources */,
				302D95F114D2391D003F00A1 /* MainViewController.m in Sources */,
				94DCF77161DA4FC4A6A48CEE /* CDVBattery.m in Sources */,
				E1B4CC39AF8C4AB0B8066561 /* UIImage+CropScaleOrientation.m in Sources */,
				B2596A178F9047848CFF206F /* CDVCamera.m in Sources */,
				9C4802AAA644468DA11F932F /* CDVJpegHeaderWriter.m in Sources */,
				D4D93D93CEB640F38B85C6DF /* CDVLogger.m in Sources */,
				172B6967E62F45F8ACFAC82D /* CDVContacts.m in Sources */,
				C93683E4CD5B4EDAB507B7DE /* CDVContact.m in Sources */,
				E7DD81F3EF3841939A233C38 /* CDVDevice.m in Sources */,
				A89394129166448381C51A11 /* CDVAccelerometer.m in Sources */,
				B04AF009A2A44EF88C1D5D99 /* CDVCompass.m in Sources */,
				513579986085494B98A4ED74 /* CDVNotification.m in Sources */,
				0541D83FA8874189A1EF0154 /* CDVFile.m in Sources */,
				7ED82FB7D957477DB3482AD3 /* CDVLocalFilesystem.m in Sources */,
				D83FB2339A6442A19F6909F6 /* CDVAssetLibraryFilesystem.m in Sources */,
				A45FA64BFF7D4E7AB9FDC8B7 /* CDVFileTransfer.m in Sources */,
				7803BC48506A4CA1AB2B2C2B /* CDVLocation.m in Sources */,
				587142E679BF451FAFAE3590 /* CDVGlobalization.m in Sources */,
				69FF5B3B3F8D45D1A77C2D83 /* CDVInAppBrowserOptions.m in Sources */,
				1144FD913A124FED929972EF /* CDVInAppBrowserNavigationController.m in Sources */,
				597F3000F0154F51B4AE53C7 /* CDVWKInAppBrowser.m in Sources */,
				437C180A89FA4B9B94B0AB59 /* CDVWKInAppBrowserUIDelegate.m in Sources */,
				CA8DBAF96C1541699B5C0A16 /* CDVSound.m in Sources */,
				4E0C56112E434BC7A10AD352 /* CDVCapture.m in Sources */,
				AE00EED6D80549D6A7E4DFE7 /* CDVConnection.m in Sources */,
				CACF60B5635F4900B3A0A2A7 /* CDVReachability.m in Sources */,
				F11305D4D37846979F759126 /* CDVStatusBar.m in Sources */,
				2A2C4820D17B44A9B145E642 /* CDVVibration.m in Sources */,
			);
			runOnlyForDeploymentPostprocessing = 0;
		};
/* End PBXSourcesBuildPhase section */

/* Begin PBXTargetDependency section */
		301BF551109A68C00062928A /* PBXTargetDependency */ = {
			isa = PBXTargetDependency;
			name = CordovaLib;
			targetProxy = 301BF550109A68C00062928A /* PBXContainerItemProxy */;
		};
/* End PBXTargetDependency section */

/* Begin XCBuildConfiguration section */
		1D6058940D05DD3E006BFB54 /* Debug */ = {
			isa = XCBuildConfiguration;
			baseConfigurationReference = 3047A50F1AB8059700498E2A /* build-debug.xcconfig */;
			buildSettings = {
				ALWAYS_SEARCH_USER_PATHS = NO;
				ASSETCATALOG_COMPILER_APPICON_NAME = AppIcon;
				ASSETCATALOG_COMPILER_LAUNCHIMAGE_NAME = LaunchImage;
				CLANG_ENABLE_MODULES = YES;
				CLANG_ENABLE_OBJC_ARC = YES;
				CODE_SIGN_IDENTITY = "iPhone Distribution";
				CODE_SIGN_STYLE = Manual;
				COPY_PHASE_STRIP = NO;
				DEVELOPMENT_TEAM = S762HFAH87;
				GCC_DYNAMIC_NO_PIC = NO;
				GCC_OPTIMIZATION_LEVEL = 0;
				GCC_PRECOMPILE_PREFIX_HEADER = YES;
				GCC_PREFIX_HEADER = "Emes/Emes-Prefix.pch";
				GCC_THUMB_SUPPORT = NO;
				GCC_VERSION = "";
				INFOPLIST_FILE = "Emes/Emes-Info.plist";
				IPHONEOS_DEPLOYMENT_TARGET = 9.0;
				LD_RUNPATH_SEARCH_PATHS = "@executable_path/Frameworks";
				PRODUCT_NAME = Emes;
				PROVISIONING_PROFILE_SPECIFIER = TruSec_AdHoc_Profile;
				TARGETED_DEVICE_FAMILY = "1,2";
			};
			name = Debug;
		};
		1D6058950D05DD3E006BFB54 /* Release */ = {
			isa = XCBuildConfiguration;
			baseConfigurationReference = 3047A5101AB8059700498E2A /* build-release.xcconfig */;
			buildSettings = {
				ALWAYS_SEARCH_USER_PATHS = NO;
				ASSETCATALOG_COMPILER_APPICON_NAME = AppIcon;
				ASSETCATALOG_COMPILER_LAUNCHIMAGE_NAME = LaunchImage;
				CLANG_ENABLE_MODULES = YES;
				CLANG_ENABLE_OBJC_ARC = YES;
				CODE_SIGN_STYLE = Manual;
				COPY_PHASE_STRIP = YES;
				DEVELOPMENT_TEAM = S762HFAH87;
				GCC_PRECOMPILE_PREFIX_HEADER = YES;
				GCC_PREFIX_HEADER = "Emes/Emes-Prefix.pch";
				GCC_THUMB_SUPPORT = NO;
				GCC_VERSION = "";
				INFOPLIST_FILE = "Emes/Emes-Info.plist";
				IPHONEOS_DEPLOYMENT_TARGET = 9.0;
				LD_RUNPATH_SEARCH_PATHS = "@executable_path/Frameworks";
				PRODUCT_NAME = Emes;
				PROVISIONING_PROFILE_SPECIFIER = TruSec_AdHoc_Profile;
				TARGETED_DEVICE_FAMILY = "1,2";
			};
			name = Release;
		};
		C01FCF4F08A954540054247B /* Debug */ = {
			isa = XCBuildConfiguration;
			baseConfigurationReference = 3047A5111AB8059700498E2A /* build.xcconfig */;
			buildSettings = {
				CLANG_ENABLE_MODULES = YES;
				CLANG_ENABLE_OBJC_ARC = YES;
				CLANG_WARN_BOOL_CONVERSION = YES;
				CLANG_WARN_CONSTANT_CONVERSION = YES;
				CLANG_WARN_EMPTY_BODY = YES;
				CLANG_WARN_ENUM_CONVERSION = YES;
				CLANG_WARN_INT_CONVERSION = YES;
				CLANG_WARN__DUPLICATE_METHOD_MATCH = YES;
				GCC_C_LANGUAGE_STANDARD = c99;
				GCC_THUMB_SUPPORT = NO;
				GCC_VERSION = "";
				GCC_WARN_ABOUT_RETURN_TYPE = YES;
				GCC_WARN_UNDECLARED_SELECTOR = YES;
				GCC_WARN_UNINITIALIZED_AUTOS = YES;
				GCC_WARN_UNUSED_FUNCTION = YES;
				GCC_WARN_UNUSED_VARIABLE = YES;
				ONLY_ACTIVE_ARCH = YES;
				SDKROOT = iphoneos;
				SKIP_INSTALL = NO;
				TARGETED_DEVICE_FAMILY = "1,2";
			};
			name = Debug;
		};
		C01FCF5008A954540054247B /* Release */ = {
			isa = XCBuildConfiguration;
			baseConfigurationReference = 3047A5111AB8059700498E2A /* build.xcconfig */;
			buildSettings = {
				CLANG_ENABLE_MODULES = YES;
				CLANG_ENABLE_OBJC_ARC = YES;
				CLANG_WARN_BOOL_CONVERSION = YES;
				CLANG_WARN_CONSTANT_CONVERSION = YES;
				CLANG_WARN_EMPTY_BODY = YES;
				CLANG_WARN_ENUM_CONVERSION = YES;
				CLANG_WARN_INT_CONVERSION = YES;
				CLANG_WARN__DUPLICATE_METHOD_MATCH = YES;
				GCC_C_LANGUAGE_STANDARD = c99;
				GCC_THUMB_SUPPORT = NO;
				GCC_VERSION = "";
				GCC_WARN_ABOUT_RETURN_TYPE = YES;
				GCC_WARN_UNDECLARED_SELECTOR = YES;
				GCC_WARN_UNINITIALIZED_AUTOS = YES;
				GCC_WARN_UNUSED_FUNCTION = YES;
				GCC_WARN_UNUSED_VARIABLE = YES;
				SDKROOT = iphoneos;
				SKIP_INSTALL = NO;
				TARGETED_DEVICE_FAMILY = "1,2";
			};
			name = Release;
		};
/* End XCBuildConfiguration section */

/* Begin XCConfigurationList section */
		1D6058960D05DD3E006BFB54 /* Build configuration list for PBXNativeTarget "Emes" */ = {
			isa = XCConfigurationList;
			buildConfigurations = (
				1D6058940D05DD3E006BFB54 /* Debug */,
				1D6058950D05DD3E006BFB54 /* Release */,
			);
			defaultConfigurationIsVisible = 0;
			defaultConfigurationName = Release;
		};
		C01FCF4E08A954540054247B /* Build configuration list for PBXProject "Emes" */ = {
			isa = XCConfigurationList;
			buildConfigurations = (
				C01FCF4F08A954540054247B /* Debug */,
				C01FCF5008A954540054247B /* Release */,
			);
			defaultConfigurationIsVisible = 0;
			defaultConfigurationName = Release;
		};
/* End XCConfigurationList section */
	};
	rootObject = 29B97313FDCFA39411CA2CEA /* Project object */;
}
