// !$*UTF8*$!
{
	archiveVersion = 1;
	classes = {
	};
	objectVersion = 52;
	objects = {

/* Begin PBXBuildFile section */
		0207DA581B56EA530066E2B4 /* Images.xcassets in Resources */ = {isa = PBXBuildFile; fileRef = 0207DA571B56EA530066E2B4 /* Images.xcassets */; };
		0DE2F909E75D479BBC43C97E /* CoreTelephony.framework in Frameworks */ = {isa = PBXBuildFile; fileRef = C7A8BAD6AA14472ABF91DA7A /* CoreTelephony.framework */; };
		1078D0B414214ECA89DE7657 /* CDVVibration.m in Sources */ = {isa = PBXBuildFile; fileRef = A64EA347609746139B8ADABF /* CDVVibration.m */; };
		1B6C178AD83E4CEFAD9A4195 /* CDVBattery.m in Sources */ = {isa = PBXBuildFile; fileRef = DCB129A954E24DBF8AA6B7BC /* CDVBattery.m */; };
		1D3623260D0F684500981E51 /* AppDelegate.m in Sources */ = {isa = PBXBuildFile; fileRef = 1D3623250D0F684500981E51 /* AppDelegate.m */; };
		1D60589B0D05DD56006BFB54 /* main.m in Sources */ = {isa = PBXBuildFile; fileRef = 29B97316FDCFA39411CA2CEA /* main.m */; };
		2338602EAC5C41A6BBC3942F /* SystemConfiguration.framework in Frameworks */ = {isa = PBXBuildFile; fileRef = 86E406EEC3E74CADBD52E724 /* SystemConfiguration.framework */; settings = {ATTRIBUTES = (Weak, ); }; };
		2844D23DA03A4C38AC0549AA /* CDVAccelerometer.m in Sources */ = {isa = PBXBuildFile; fileRef = C26E02DC53054DDB8BAD29AB /* CDVAccelerometer.m */; };
		2B74011F5AFF45548C9E558A /* CDVContact.m in Sources */ = {isa = PBXBuildFile; fileRef = 80E24033782F4FEB9FE9A467 /* CDVContact.m */; };
		301BF552109A68D80062928A /* libCordova.a in Frameworks */ = {isa = PBXBuildFile; fileRef = 301BF535109A57CC0062928A /* libCordova.a */; settings = {ATTRIBUTES = (Required, ); }; };
		302D95F114D2391D003F00A1 /* MainViewController.m in Sources */ = {isa = PBXBuildFile; fileRef = 302D95EF14D2391D003F00A1 /* MainViewController.m */; };
		302D95F214D2391D003F00A1 /* MainViewController.xib in Resources */ = {isa = PBXBuildFile; fileRef = 302D95F014D2391D003F00A1 /* MainViewController.xib */; };
		3313C20BC3494C478DEB1AAA /* CDVCamera.m in Sources */ = {isa = PBXBuildFile; fileRef = 7D2F2D3779564CE3A6C96F9F /* CDVCamera.m */; };
		4609604A3DA441FA97504793 /* CoreMotion.framework in Frameworks */ = {isa = PBXBuildFile; fileRef = 40DF597609F34F418A481F03 /* CoreMotion.framework */; };
		4AAB581AC1234A0BA18AF8C6 /* CDVWKInAppBrowserUIDelegate.m in Sources */ = {isa = PBXBuildFile; fileRef = 579910E0D20346C083E9DA08 /* CDVWKInAppBrowserUIDelegate.m */; };
		4B6B99822B86403E8687C904 /* CDVStatusBar.m in Sources */ = {isa = PBXBuildFile; fileRef = C67CC3EBA6F44D3FA4DF1AF6 /* CDVStatusBar.m */; };
		549A29471394447884983995 /* UIImage+CropScaleOrientation.m in Sources */ = {isa = PBXBuildFile; fileRef = 7D633CE2EF184C798D673075 /* UIImage+CropScaleOrientation.m */; };
		6AFF5BF91D6E424B00AB3073 /* CDVLaunchScreen.storyboard in Resources */ = {isa = PBXBuildFile; fileRef = 6AFF5BF81D6E424B00AB3073 /* CDVLaunchScreen.storyboard */; };
		6BB2A251A61F42F6A7926B6C /* CDVNotification.m in Sources */ = {isa = PBXBuildFile; fileRef = E95DC21BC3FD4C8B939BDBA9 /* CDVNotification.m */; };
		6C93A194C42247D28CBF3CA0 /* CDVContacts.m in Sources */ = {isa = PBXBuildFile; fileRef = 14716945287C49EB98F51CD6 /* CDVContacts.m */; };
		6F9E50ACB30B4DEA8B2196C4 /* CDVNotification.bundle in Resources */ = {isa = PBXBuildFile; fileRef = 2587DF0B0C804E75821E3CDE /* CDVNotification.bundle */; };
		70B47A580C724B2DA3107DAC /* CDVLocalFilesystem.m in Sources */ = {isa = PBXBuildFile; fileRef = 2B41DF325C4249DAB0CCF450 /* CDVLocalFilesystem.m */; };
		78E843F0D3FD4CACB6E1EEAF /* AddressBook.framework in Frameworks */ = {isa = PBXBuildFile; fileRef = 5EAB28061A7B44019B72C939 /* AddressBook.framework */; settings = {ATTRIBUTES = (Weak, ); }; };
		7AD63A12205940928E8CD0C2 /* CDVAssetLibraryFilesystem.m in Sources */ = {isa = PBXBuildFile; fileRef = 0AC0878B162C49A69CFF97B0 /* CDVAssetLibraryFilesystem.m */; };
		7B879781FF564321A88AB0CA /* CDVLogger.m in Sources */ = {isa = PBXBuildFile; fileRef = 0993DF7E58DA4425A1E1DC14 /* CDVLogger.m */; };
		7E7C80FE308A4E088FBA3F0F /* CDVGlobalization.m in Sources */ = {isa = PBXBuildFile; fileRef = C57BF4D82A5B48609D27F88A /* CDVGlobalization.m */; };
		827F725E21EB4B9389FA8F1A /* AVFoundation.framework in Frameworks */ = {isa = PBXBuildFile; fileRef = FE47F5C1D128478DA89E3009 /* AVFoundation.framework */; };
		84CBA4A98D674520BA8A9DCB /* CDVLocation.m in Sources */ = {isa = PBXBuildFile; fileRef = 8427CA4A67714B64AFB2B327 /* CDVLocation.m */; };
		880B9700C94B49C394798E40 /* CDVConnection.m in Sources */ = {isa = PBXBuildFile; fileRef = 4403292E6C6244BE8AA829F0 /* CDVConnection.m */; };
		8E2C136D7C3548F2ABEFFB07 /* CDVReachability.m in Sources */ = {isa = PBXBuildFile; fileRef = A414F1D480144C1D923BB237 /* CDVReachability.m */; };
		916751D340DE4C3695362336 /* CDVFile.m in Sources */ = {isa = PBXBuildFile; fileRef = D33C451CCD504427B439D00B /* CDVFile.m */; };
		9C832352EA744E20AB3B6B17 /* CDVInAppBrowserNavigationController.m in Sources */ = {isa = PBXBuildFile; fileRef = 05AB075F28444A9187401FB5 /* CDVInAppBrowserNavigationController.m */; };
		A253B4DC820B4C56907EC4F2 /* CDVInAppBrowserOptions.m in Sources */ = {isa = PBXBuildFile; fileRef = 80C06A0079C94EBC9628E675 /* CDVInAppBrowserOptions.m */; };
		A36C07971A5E40BFB2D799DF /* CDVJpegHeaderWriter.m in Sources */ = {isa = PBXBuildFile; fileRef = 0A815E6417984B7BB6A22439 /* CDVJpegHeaderWriter.m */; };
		B3B1FF46D2794AE08E3C8A2B /* AudioToolbox.framework in Frameworks */ = {isa = PBXBuildFile; fileRef = D0F88584AD7A4697A5F50705 /* AudioToolbox.framework */; settings = {ATTRIBUTES = (Weak, ); }; };
		BC2B2CF5DEAF423D973DC1CB /* CDVSound.m in Sources */ = {isa = PBXBuildFile; fileRef = 8E87463C4A2D45B2809B94B2 /* CDVSound.m */; };
		D14ED4BC582644A8AEDAC91A /* CDVDevice.m in Sources */ = {isa = PBXBuildFile; fileRef = FEE1E731C5B04CB69BA6A070 /* CDVDevice.m */; };
		D5A2EA879FFE4064837A04E7 /* CDVWKInAppBrowser.m in Sources */ = {isa = PBXBuildFile; fileRef = D0FB6725454346D7A66A7FB8 /* CDVWKInAppBrowser.m */; };
		D5FE0D0C17654C8D8728F12F /* CDVCompass.m in Sources */ = {isa = PBXBuildFile; fileRef = BD871306414541589FFA5189 /* CDVCompass.m */; };
		E0D9083C8BA3474C86909314 /* CDVCapture.m in Sources */ = {isa = PBXBuildFile; fileRef = E1CA01CA90F04A3DB24BE468 /* CDVCapture.m */; };
		E2402DD63D1149228B92E14E /* CoreLocation.framework in Frameworks */ = {isa = PBXBuildFile; fileRef = 1BFF285FC90C4DEDB4E7B8BA /* CoreLocation.framework */; };
		EA721E2FCF544A57846745F4 /* ImageIO.framework in Frameworks */ = {isa = PBXBuildFile; fileRef = 44749EE715194316A2BC900F /* ImageIO.framework */; settings = {ATTRIBUTES = (Weak, ); }; };
		EC2397FFB18B4D4BBF1D3FB1 /* CDVFileTransfer.m in Sources */ = {isa = PBXBuildFile; fileRef = 429142457DD04BD0A40103E3 /* CDVFileTransfer.m */; };
		F0DA4091949147FC8FA63ED8 /* CDVCapture.bundle in Resources */ = {isa = PBXBuildFile; fileRef = 70F5E9EA4F994CC6A565ED02 /* CDVCapture.bundle */; };
		F8A3F642C0924E00BB293739 /* AddressBookUI.framework in Frameworks */ = {isa = PBXBuildFile; fileRef = EC541BAD1E804E7CBA450138 /* AddressBookUI.framework */; settings = {ATTRIBUTES = (Weak, ); }; };
/* End PBXBuildFile section */

/* Begin PBXContainerItemProxy section */
		301BF534109A57CC0062928A /* PBXContainerItemProxy */ = {
			isa = PBXContainerItemProxy;
			containerPortal = 301BF52D109A57CC0062928A /* CordovaLib.xcodeproj */;
			proxyType = 2;
			remoteGlobalIDString = D2AAC07E0554694100DB518D;
			remoteInfo = CordovaLib;
		};
		301BF550109A68C00062928A /* PBXContainerItemProxy */ = {
			isa = PBXContainerItemProxy;
			containerPortal = 301BF52D109A57CC0062928A /* CordovaLib.xcodeproj */;
			proxyType = 1;
			remoteGlobalIDString = D2AAC07D0554694100DB518D;
			remoteInfo = CordovaLib;
		};
		907D8123214C687600058A10 /* PBXContainerItemProxy */ = {
			isa = PBXContainerItemProxy;
			containerPortal = 301BF52D109A57CC0062928A /* CordovaLib.xcodeproj */;
			proxyType = 2;
			remoteGlobalIDString = C0C01EB21E3911D50056E6CB;
			remoteInfo = Cordova;
		};
/* End PBXContainerItemProxy section */

/* Begin PBXFileReference section */
		01433838AE3A478A9BB00F65 /* CDVLocation.h */ = {isa = PBXFileReference; explicitFileType = undefined; fileEncoding = 4; includeInIndex = 0; lastKnownFileType = sourcecode.c.h; name = CDVLocation.h; path = "cordova-plugin-geolocation/CDVLocation.h"; sourceTree = "<group>"; };
		0207DA571B56EA530066E2B4 /* Images.xcassets */ = {isa = PBXFileReference; lastKnownFileType = folder.assetcatalog; name = Images.xcassets; path = Emes/Images.xcassets; sourceTree = SOURCE_ROOT; };
		05AB075F28444A9187401FB5 /* CDVInAppBrowserNavigationController.m */ = {isa = PBXFileReference; explicitFileType = undefined; fileEncoding = 4; includeInIndex = 0; lastKnownFileType = sourcecode.c.objc; name = CDVInAppBrowserNavigationController.m; path = "cordova-plugin-inappbrowser/CDVInAppBrowserNavigationController.m"; sourceTree = "<group>"; };
		0993DF7E58DA4425A1E1DC14 /* CDVLogger.m */ = {isa = PBXFileReference; explicitFileType = undefined; fileEncoding = 4; includeInIndex = 0; lastKnownFileType = sourcecode.c.objc; name = CDVLogger.m; path = "cordova-plugin-console/CDVLogger.m"; sourceTree = "<group>"; };
		0A815E6417984B7BB6A22439 /* CDVJpegHeaderWriter.m */ = {isa = PBXFileReference; explicitFileType = undefined; fileEncoding = 4; includeInIndex = 0; lastKnownFileType = sourcecode.c.objc; name = CDVJpegHeaderWriter.m; path = "cordova-plugin-camera/CDVJpegHeaderWriter.m"; sourceTree = "<group>"; };
		0AC0878B162C49A69CFF97B0 /* CDVAssetLibraryFilesystem.m */ = {isa = PBXFileReference; explicitFileType = undefined; fileEncoding = 4; includeInIndex = 0; lastKnownFileType = sourcecode.c.objc; name = CDVAssetLibraryFilesystem.m; path = "cordova-plugin-file/CDVAssetLibraryFilesystem.m"; sourceTree = "<group>"; };
		10C88C4F76D64FF9A49BF4EF /* CDVWKInAppBrowser.h */ = {isa = PBXFileReference; explicitFileType = undefined; fileEncoding = 4; includeInIndex = 0; lastKnownFileType = sourcecode.c.h; name = CDVWKInAppBrowser.h; path = "cordova-plugin-inappbrowser/CDVWKInAppBrowser.h"; sourceTree = "<group>"; };
		11FBE7C6440D46BF88680612 /* CDVLogger.h */ = {isa = PBXFileReference; explicitFileType = undefined; fileEncoding = 4; includeInIndex = 0; lastKnownFileType = sourcecode.c.h; name = CDVLogger.h; path = "cordova-plugin-console/CDVLogger.h"; sourceTree = "<group>"; };
		14716945287C49EB98F51CD6 /* CDVContacts.m */ = {isa = PBXFileReference; explicitFileType = undefined; fileEncoding = 4; includeInIndex = 0; lastKnownFileType = sourcecode.c.objc; name = CDVContacts.m; path = "cordova-plugin-contacts/CDVContacts.m"; sourceTree = "<group>"; };
		14E3F23DC0944505BF80D3E9 /* CDVInAppBrowserNavigationController.h */ = {isa = PBXFileReference; explicitFileType = undefined; fileEncoding = 4; includeInIndex = 0; lastKnownFileType = sourcecode.c.h; name = CDVInAppBrowserNavigationController.h; path = "cordova-plugin-inappbrowser/CDVInAppBrowserNavigationController.h"; sourceTree = "<group>"; };
		1AFD6A5092CD4488B23C74C0 /* CDVCapture.h */ = {isa = PBXFileReference; explicitFileType = undefined; fileEncoding = 4; includeInIndex = 0; lastKnownFileType = sourcecode.c.h; name = CDVCapture.h; path = "cordova-plugin-media-capture/CDVCapture.h"; sourceTree = "<group>"; };
		1BFF285FC90C4DEDB4E7B8BA /* CoreLocation.framework */ = {isa = PBXFileReference; explicitFileType = undefined; fileEncoding = 9; includeInIndex = 0; lastKnownFileType = wrapper.framework; name = CoreLocation.framework; path = System/Library/Frameworks/CoreLocation.framework; sourceTree = SDKROOT; };
		1D3623240D0F684500981E51 /* AppDelegate.h */ = {isa = PBXFileReference; fileEncoding = 4; lastKnownFileType = sourcecode.c.h; path = AppDelegate.h; sourceTree = "<group>"; };
		1D3623250D0F684500981E51 /* AppDelegate.m */ = {isa = PBXFileReference; fileEncoding = 4; lastKnownFileType = sourcecode.c.objc; path = AppDelegate.m; sourceTree = "<group>"; };
		1D6058910D05DD3D006BFB54 /* Emes.app */ = {isa = PBXFileReference; explicitFileType = wrapper.application; includeInIndex = 0; path = Emes.app; sourceTree = BUILT_PRODUCTS_DIR; };
		2587DF0B0C804E75821E3CDE /* CDVNotification.bundle */ = {isa = PBXFileReference; explicitFileType = undefined; fileEncoding = 9; includeInIndex = 0; lastKnownFileType = "wrapper.plug-in"; path = CDVNotification.bundle; sourceTree = "<group>"; };
		29B97316FDCFA39411CA2CEA /* main.m */ = {isa = PBXFileReference; fileEncoding = 4; lastKnownFileType = sourcecode.c.objc; path = main.m; sourceTree = "<group>"; };
		2B41DF325C4249DAB0CCF450 /* CDVLocalFilesystem.m */ = {isa = PBXFileReference; explicitFileType = undefined; fileEncoding = 4; includeInIndex = 0; lastKnownFileType = sourcecode.c.objc; name = CDVLocalFilesystem.m; path = "cordova-plugin-file/CDVLocalFilesystem.m"; sourceTree = "<group>"; };
		2C3233DE4BC6446C84292ACA /* CDVInAppBrowserOptions.h */ = {isa = PBXFileReference; explicitFileType = undefined; fileEncoding = 4; includeInIndex = 0; lastKnownFileType = sourcecode.c.h; name = CDVInAppBrowserOptions.h; path = "cordova-plugin-inappbrowser/CDVInAppBrowserOptions.h"; sourceTree = "<group>"; };
		301BF52D109A57CC0062928A /* CordovaLib.xcodeproj */ = {isa = PBXFileReference; lastKnownFileType = "wrapper.pb-project"; name = CordovaLib.xcodeproj; path = CordovaLib/CordovaLib.xcodeproj; sourceTree = "<group>"; };
		301BF56E109A69640062928A /* www */ = {isa = PBXFileReference; lastKnownFileType = folder; path = www; sourceTree = SOURCE_ROOT; };
		302D95EE14D2391D003F00A1 /* MainViewController.h */ = {isa = PBXFileReference; fileEncoding = 4; lastKnownFileType = sourcecode.c.h; path = MainViewController.h; sourceTree = "<group>"; };
		302D95EF14D2391D003F00A1 /* MainViewController.m */ = {isa = PBXFileReference; fileEncoding = 4; lastKnownFileType = sourcecode.c.objc; path = MainViewController.m; sourceTree = "<group>"; };
		302D95F014D2391D003F00A1 /* MainViewController.xib */ = {isa = PBXFileReference; fileEncoding = 4; lastKnownFileType = file.xib; path = MainViewController.xib; sourceTree = "<group>"; };
		3047A50F1AB8059700498E2A /* build-debug.xcconfig */ = {isa = PBXFileReference; fileEncoding = 4; lastKnownFileType = text.xcconfig; name = "build-debug.xcconfig"; path = "cordova/build-debug.xcconfig"; sourceTree = SOURCE_ROOT; };
		3047A5101AB8059700498E2A /* build-release.xcconfig */ = {isa = PBXFileReference; fileEncoding = 4; lastKnownFileType = text.xcconfig; name = "build-release.xcconfig"; path = "cordova/build-release.xcconfig"; sourceTree = SOURCE_ROOT; };
		3047A5111AB8059700498E2A /* build.xcconfig */ = {isa = PBXFileReference; fileEncoding = 4; lastKnownFileType = text.xcconfig; name = build.xcconfig; path = cordova/build.xcconfig; sourceTree = SOURCE_ROOT; };
		32CA4F630368D1EE00C91783 /* Emes-Prefix.pch */ = {isa = PBXFileReference; fileEncoding = 4; lastKnownFileType = sourcecode.c.h; path = "Emes-Prefix.pch"; sourceTree = "<group>"; };
		3A0ABCBCEB184BF5A99C9D75 /* CDVSound.h */ = {isa = PBXFileReference; explicitFileType = undefined; fileEncoding = 4; includeInIndex = 0; lastKnownFileType = sourcecode.c.h; name = CDVSound.h; path = "cordova-plugin-media/CDVSound.h"; sourceTree = "<group>"; };
		40DF597609F34F418A481F03 /* CoreMotion.framework */ = {isa = PBXFileReference; explicitFileType = undefined; fileEncoding = 9; includeInIndex = 0; lastKnownFileType = wrapper.framework; name = CoreMotion.framework; path = System/Library/Frameworks/CoreMotion.framework; sourceTree = SDKROOT; };
		429142457DD04BD0A40103E3 /* CDVFileTransfer.m */ = {isa = PBXFileReference; explicitFileType = undefined; fileEncoding = 4; includeInIndex = 0; lastKnownFileType = sourcecode.c.objc; name = CDVFileTransfer.m; path = "cordova-plugin-file-transfer/CDVFileTransfer.m"; sourceTree = "<group>"; };
		4403292E6C6244BE8AA829F0 /* CDVConnection.m */ = {isa = PBXFileReference; explicitFileType = undefined; fileEncoding = 4; includeInIndex = 0; lastKnownFileType = sourcecode.c.objc; name = CDVConnection.m; path = "cordova-plugin-network-information/CDVConnection.m"; sourceTree = "<group>"; };
		44749EE715194316A2BC900F /* ImageIO.framework */ = {isa = PBXFileReference; explicitFileType = undefined; fileEncoding = 9; includeInIndex = 0; lastKnownFileType = wrapper.framework; name = ImageIO.framework; path = System/Library/Frameworks/ImageIO.framework; sourceTree = SDKROOT; };
		54DD2C877CD94AE6A70C0A23 /* CDVGlobalization.h */ = {isa = PBXFileReference; explicitFileType = undefined; fileEncoding = 4; includeInIndex = 0; lastKnownFileType = sourcecode.c.h; name = CDVGlobalization.h; path = "cordova-plugin-globalization/CDVGlobalization.h"; sourceTree = "<group>"; };
		579910E0D20346C083E9DA08 /* CDVWKInAppBrowserUIDelegate.m */ = {isa = PBXFileReference; explicitFileType = undefined; fileEncoding = 4; includeInIndex = 0; lastKnownFileType = sourcecode.c.objc; name = CDVWKInAppBrowserUIDelegate.m; path = "cordova-plugin-inappbrowser/CDVWKInAppBrowserUIDelegate.m"; sourceTree = "<group>"; };
		5A04BFA6000C4984AE7917DD /* CDVAssetLibraryFilesystem.h */ = {isa = PBXFileReference; explicitFileType = undefined; fileEncoding = 4; includeInIndex = 0; lastKnownFileType = sourcecode.c.h; name = CDVAssetLibraryFilesystem.h; path = "cordova-plugin-file/CDVAssetLibraryFilesystem.h"; sourceTree = "<group>"; };
		5EAB28061A7B44019B72C939 /* AddressBook.framework */ = {isa = PBXFileReference; explicitFileType = undefined; fileEncoding = 9; includeInIndex = 0; lastKnownFileType = wrapper.framework; name = AddressBook.framework; path = System/Library/Frameworks/AddressBook.framework; sourceTree = SDKROOT; };
		65C2E41E3CC54218B2559C6A /* CDVReachability.h */ = {isa = PBXFileReference; explicitFileType = undefined; fileEncoding = 4; includeInIndex = 0; lastKnownFileType = sourcecode.c.h; name = CDVReachability.h; path = "cordova-plugin-network-information/CDVReachability.h"; sourceTree = "<group>"; };
		6693320E1B664C6BA3C21928 /* CDVVibration.h */ = {isa = PBXFileReference; explicitFileType = undefined; fileEncoding = 4; includeInIndex = 0; lastKnownFileType = sourcecode.c.h; name = CDVVibration.h; path = "cordova-plugin-vibration/CDVVibration.h"; sourceTree = "<group>"; };
		6AFF5BF81D6E424B00AB3073 /* CDVLaunchScreen.storyboard */ = {isa = PBXFileReference; fileEncoding = 4; lastKnownFileType = file.storyboard; name = CDVLaunchScreen.storyboard; path = Emes/CDVLaunchScreen.storyboard; sourceTree = SOURCE_ROOT; };
		6C1383BA8C7C4E3A8FF318CF /* CDVStatusBar.h */ = {isa = PBXFileReference; explicitFileType = undefined; fileEncoding = 4; includeInIndex = 0; lastKnownFileType = sourcecode.c.h; name = CDVStatusBar.h; path = "cordova-plugin-statusbar/CDVStatusBar.h"; sourceTree = "<group>"; };
		707378CF74A7409E965DFB4D /* CDVNotification.h */ = {isa = PBXFileReference; explicitFileType = undefined; fileEncoding = 4; includeInIndex = 0; lastKnownFileType = sourcecode.c.h; name = CDVNotification.h; path = "cordova-plugin-dialogs/CDVNotification.h"; sourceTree = "<group>"; };
		70F5E9EA4F994CC6A565ED02 /* CDVCapture.bundle */ = {isa = PBXFileReference; explicitFileType = undefined; fileEncoding = 9; includeInIndex = 0; lastKnownFileType = "wrapper.plug-in"; path = CDVCapture.bundle; sourceTree = "<group>"; };
		78C7A1982DF74A35A978FA27 /* CDVCompass.h */ = {isa = PBXFileReference; explicitFileType = undefined; fileEncoding = 4; includeInIndex = 0; lastKnownFileType = sourcecode.c.h; name = CDVCompass.h; path = "cordova-plugin-device-orientation/CDVCompass.h"; sourceTree = "<group>"; };
		7D2F2D3779564CE3A6C96F9F /* CDVCamera.m */ = {isa = PBXFileReference; explicitFileType = undefined; fileEncoding = 4; includeInIndex = 0; lastKnownFileType = sourcecode.c.objc; name = CDVCamera.m; path = "cordova-plugin-camera/CDVCamera.m"; sourceTree = "<group>"; };
		7D633CE2EF184C798D673075 /* UIImage+CropScaleOrientation.m */ = {isa = PBXFileReference; explicitFileType = undefined; fileEncoding = 4; includeInIndex = 0; lastKnownFileType = sourcecode.c.objc; name = "UIImage+CropScaleOrientation.m"; path = "cordova-plugin-camera/UIImage+CropScaleOrientation.m"; sourceTree = "<group>"; };
		7F4F586694F44E4F948CE94C /* CDVConnection.h */ = {isa = PBXFileReference; explicitFileType = undefined; fileEncoding = 4; includeInIndex = 0; lastKnownFileType = sourcecode.c.h; name = CDVConnection.h; path = "cordova-plugin-network-information/CDVConnection.h"; sourceTree = "<group>"; };
		80C06A0079C94EBC9628E675 /* CDVInAppBrowserOptions.m */ = {isa = PBXFileReference; explicitFileType = undefined; fileEncoding = 4; includeInIndex = 0; lastKnownFileType = sourcecode.c.objc; name = CDVInAppBrowserOptions.m; path = "cordova-plugin-inappbrowser/CDVInAppBrowserOptions.m"; sourceTree = "<group>"; };
		80E24033782F4FEB9FE9A467 /* CDVContact.m */ = {isa = PBXFileReference; explicitFileType = undefined; fileEncoding = 4; includeInIndex = 0; lastKnownFileType = sourcecode.c.objc; name = CDVContact.m; path = "cordova-plugin-contacts/CDVContact.m"; sourceTree = "<group>"; };
		8427CA4A67714B64AFB2B327 /* CDVLocation.m */ = {isa = PBXFileReference; explicitFileType = undefined; fileEncoding = 4; includeInIndex = 0; lastKnownFileType = sourcecode.c.objc; name = CDVLocation.m; path = "cordova-plugin-geolocation/CDVLocation.m"; sourceTree = "<group>"; };
		86E406EEC3E74CADBD52E724 /* SystemConfiguration.framework */ = {isa = PBXFileReference; explicitFileType = undefined; fileEncoding = 9; includeInIndex = 0; lastKnownFileType = wrapper.framework; name = SystemConfiguration.framework; path = System/Library/Frameworks/SystemConfiguration.framework; sourceTree = SDKROOT; };
		8D1107310486CEB800E47090 /* Emes-Info.plist */ = {isa = PBXFileReference; fileEncoding = 4; lastKnownFileType = text.plist.xml; name = "Emes-Info.plist"; path = "Emes/Emes-Info.plist"; plistStructureDefinitionIdentifier = "com.apple.xcode.plist.structure-definition.iphone.info-plist"; sourceTree = SOURCE_ROOT; };
		8E87463C4A2D45B2809B94B2 /* CDVSound.m */ = {isa = PBXFileReference; explicitFileType = undefined; fileEncoding = 4; includeInIndex = 0; lastKnownFileType = sourcecode.c.objc; name = CDVSound.m; path = "cordova-plugin-media/CDVSound.m"; sourceTree = "<group>"; };
		919F6ECC66214FD78CAE9C3F /* CDVWKInAppBrowserUIDelegate.h */ = {isa = PBXFileReference; explicitFileType = undefined; fileEncoding = 4; includeInIndex = 0; lastKnownFileType = sourcecode.c.h; name = CDVWKInAppBrowserUIDelegate.h; path = "cordova-plugin-inappbrowser/CDVWKInAppBrowserUIDelegate.h"; sourceTree = "<group>"; };
		9A035F7D823B401BAA1FFDAF /* CDVJpegHeaderWriter.h */ = {isa = PBXFileReference; explicitFileType = undefined; fileEncoding = 4; includeInIndex = 0; lastKnownFileType = sourcecode.c.h; name = CDVJpegHeaderWriter.h; path = "cordova-plugin-camera/CDVJpegHeaderWriter.h"; sourceTree = "<group>"; };
		A414F1D480144C1D923BB237 /* CDVReachability.m */ = {isa = PBXFileReference; explicitFileType = undefined; fileEncoding = 4; includeInIndex = 0; lastKnownFileType = sourcecode.c.objc; name = CDVReachability.m; path = "cordova-plugin-network-information/CDVReachability.m"; sourceTree = "<group>"; };
		A54CC7AE3165422BA026208C /* CDVFileTransfer.h */ = {isa = PBXFileReference; explicitFileType = undefined; fileEncoding = 4; includeInIndex = 0; lastKnownFileType = sourcecode.c.h; name = CDVFileTransfer.h; path = "cordova-plugin-file-transfer/CDVFileTransfer.h"; sourceTree = "<group>"; };
		A64EA347609746139B8ADABF /* CDVVibration.m */ = {isa = PBXFileReference; explicitFileType = undefined; fileEncoding = 4; includeInIndex = 0; lastKnownFileType = sourcecode.c.objc; name = CDVVibration.m; path = "cordova-plugin-vibration/CDVVibration.m"; sourceTree = "<group>"; };
		AC8D2CAA6A0040C085F8D8EF /* CDVExif.h */ = {isa = PBXFileReference; explicitFileType = undefined; fileEncoding = 4; includeInIndex = 0; lastKnownFileType = sourcecode.c.h; name = CDVExif.h; path = "cordova-plugin-camera/CDVExif.h"; sourceTree = "<group>"; };
		B1ADE8F9BD904C73BD7F02EC /* CDVContact.h */ = {isa = PBXFileReference; explicitFileType = undefined; fileEncoding = 4; includeInIndex = 0; lastKnownFileType = sourcecode.c.h; name = CDVContact.h; path = "cordova-plugin-contacts/CDVContact.h"; sourceTree = "<group>"; };
		BA5534600EDE4165885DE4E3 /* CDVContacts.h */ = {isa = PBXFileReference; explicitFileType = undefined; fileEncoding = 4; includeInIndex = 0; lastKnownFileType = sourcecode.c.h; name = CDVContacts.h; path = "cordova-plugin-contacts/CDVContacts.h"; sourceTree = "<group>"; };
		BD871306414541589FFA5189 /* CDVCompass.m */ = {isa = PBXFileReference; explicitFileType = undefined; fileEncoding = 4; includeInIndex = 0; lastKnownFileType = sourcecode.c.objc; name = CDVCompass.m; path = "cordova-plugin-device-orientation/CDVCompass.m"; sourceTree = "<group>"; };
		C26E02DC53054DDB8BAD29AB /* CDVAccelerometer.m */ = {isa = PBXFileReference; explicitFileType = undefined; fileEncoding = 4; includeInIndex = 0; lastKnownFileType = sourcecode.c.objc; name = CDVAccelerometer.m; path = "cordova-plugin-device-motion/CDVAccelerometer.m"; sourceTree = "<group>"; };
		C3C2B66D632445E482E6E5D4 /* CDVLocalFilesystem.h */ = {isa = PBXFileReference; explicitFileType = undefined; fileEncoding = 4; includeInIndex = 0; lastKnownFileType = sourcecode.c.h; name = CDVLocalFilesystem.h; path = "cordova-plugin-file/CDVLocalFilesystem.h"; sourceTree = "<group>"; };
		C3FAE991B2D24CB5B4B49BBC /* CDVCamera.h */ = {isa = PBXFileReference; explicitFileType = undefined; fileEncoding = 4; includeInIndex = 0; lastKnownFileType = sourcecode.c.h; name = CDVCamera.h; path = "cordova-plugin-camera/CDVCamera.h"; sourceTree = "<group>"; };
		C49EE2FA617C4EDCA028A7BE /* CDVDevice.h */ = {isa = PBXFileReference; explicitFileType = undefined; fileEncoding = 4; includeInIndex = 0; lastKnownFileType = sourcecode.c.h; name = CDVDevice.h; path = "cordova-plugin-device/CDVDevice.h"; sourceTree = "<group>"; };
		C57BF4D82A5B48609D27F88A /* CDVGlobalization.m */ = {isa = PBXFileReference; explicitFileType = undefined; fileEncoding = 4; includeInIndex = 0; lastKnownFileType = sourcecode.c.objc; name = CDVGlobalization.m; path = "cordova-plugin-globalization/CDVGlobalization.m"; sourceTree = "<group>"; };
		C67CC3EBA6F44D3FA4DF1AF6 /* CDVStatusBar.m */ = {isa = PBXFileReference; explicitFileType = undefined; fileEncoding = 4; includeInIndex = 0; lastKnownFileType = sourcecode.c.objc; name = CDVStatusBar.m; path = "cordova-plugin-statusbar/CDVStatusBar.m"; sourceTree = "<group>"; };
		C7A8BAD6AA14472ABF91DA7A /* CoreTelephony.framework */ = {isa = PBXFileReference; explicitFileType = undefined; fileEncoding = 9; includeInIndex = 0; lastKnownFileType = wrapper.framework; name = CoreTelephony.framework; path = System/Library/Frameworks/CoreTelephony.framework; sourceTree = SDKROOT; };
		CCEA2FB2ACBA42E8A6F9C46A /* CDVBattery.h */ = {isa = PBXFileReference; explicitFileType = undefined; fileEncoding = 4; includeInIndex = 0; lastKnownFileType = sourcecode.c.h; name = CDVBattery.h; path = "cordova-plugin-battery-status/CDVBattery.h"; sourceTree = "<group>"; };
		D0F88584AD7A4697A5F50705 /* AudioToolbox.framework */ = {isa = PBXFileReference; explicitFileType = undefined; fileEncoding = 9; includeInIndex = 0; lastKnownFileType = wrapper.framework; name = AudioToolbox.framework; path = System/Library/Frameworks/AudioToolbox.framework; sourceTree = SDKROOT; };
		D0FB6725454346D7A66A7FB8 /* CDVWKInAppBrowser.m */ = {isa = PBXFileReference; explicitFileType = undefined; fileEncoding = 4; includeInIndex = 0; lastKnownFileType = sourcecode.c.objc; name = CDVWKInAppBrowser.m; path = "cordova-plugin-inappbrowser/CDVWKInAppBrowser.m"; sourceTree = "<group>"; };
		D33C451CCD504427B439D00B /* CDVFile.m */ = {isa = PBXFileReference; explicitFileType = undefined; fileEncoding = 4; includeInIndex = 0; lastKnownFileType = sourcecode.c.objc; name = CDVFile.m; path = "cordova-plugin-file/CDVFile.m"; sourceTree = "<group>"; };
		DCB129A954E24DBF8AA6B7BC /* CDVBattery.m */ = {isa = PBXFileReference; explicitFileType = undefined; fileEncoding = 4; includeInIndex = 0; lastKnownFileType = sourcecode.c.objc; name = CDVBattery.m; path = "cordova-plugin-battery-status/CDVBattery.m"; sourceTree = "<group>"; };
		DFFF4C94A4BF488DB8570F5C /* CDVAccelerometer.h */ = {isa = PBXFileReference; explicitFileType = undefined; fileEncoding = 4; includeInIndex = 0; lastKnownFileType = sourcecode.c.h; name = CDVAccelerometer.h; path = "cordova-plugin-device-motion/CDVAccelerometer.h"; sourceTree = "<group>"; };
		E1CA01CA90F04A3DB24BE468 /* CDVCapture.m */ = {isa = PBXFileReference; explicitFileType = undefined; fileEncoding = 4; includeInIndex = 0; lastKnownFileType = sourcecode.c.objc; name = CDVCapture.m; path = "cordova-plugin-media-capture/CDVCapture.m"; sourceTree = "<group>"; };
		E95DC21BC3FD4C8B939BDBA9 /* CDVNotification.m */ = {isa = PBXFileReference; explicitFileType = undefined; fileEncoding = 4; includeInIndex = 0; lastKnownFileType = sourcecode.c.objc; name = CDVNotification.m; path = "cordova-plugin-dialogs/CDVNotification.m"; sourceTree = "<group>"; };
		EB87FDF31871DA8E0020F90C /* www */ = {isa = PBXFileReference; lastKnownFileType = folder; name = www; path = ../../www; sourceTree = "<group>"; };
		EB87FDF41871DAF40020F90C /* config.xml */ = {isa = PBXFileReference; lastKnownFileType = text.xml; name = config.xml; path = ../../config.xml; sourceTree = "<group>"; };
		EC541BAD1E804E7CBA450138 /* AddressBookUI.framework */ = {isa = PBXFileReference; explicitFileType = undefined; fileEncoding = 9; includeInIndex = 0; lastKnownFileType = wrapper.framework; name = AddressBookUI.framework; path = System/Library/Frameworks/AddressBookUI.framework; sourceTree = SDKROOT; };
		ED33DF2A687741AEAF9F8254 /* Bridging-Header.h */ = {isa = PBXFileReference; fileEncoding = 4; lastKnownFileType = sourcecode.c.h; path = "Bridging-Header.h"; sourceTree = "<group>"; };
		F53A6F736A7A4B1993D1F6AE /* UIImage+CropScaleOrientation.h */ = {isa = PBXFileReference; explicitFileType = undefined; fileEncoding = 4; includeInIndex = 0; lastKnownFileType = sourcecode.c.h; name = "UIImage+CropScaleOrientation.h"; path = "cordova-plugin-camera/UIImage+CropScaleOrientation.h"; sourceTree = "<group>"; };
		F840E1F0165FE0F500CFE078 /* config.xml */ = {isa = PBXFileReference; lastKnownFileType = text.xml; name = config.xml; path = Emes/config.xml; sourceTree = "<group>"; };
		FD5F5D1C9B8F4B979DAC7F8C /* CDVFile.h */ = {isa = PBXFileReference; explicitFileType = undefined; fileEncoding = 4; includeInIndex = 0; lastKnownFileType = sourcecode.c.h; name = CDVFile.h; path = "cordova-plugin-file/CDVFile.h"; sourceTree = "<group>"; };
		FE47F5C1D128478DA89E3009 /* AVFoundation.framework */ = {isa = PBXFileReference; explicitFileType = undefined; fileEncoding = 9; includeInIndex = 0; lastKnownFileType = wrapper.framework; name = AVFoundation.framework; path = System/Library/Frameworks/AVFoundation.framework; sourceTree = SDKROOT; };
		FEE1E731C5B04CB69BA6A070 /* CDVDevice.m */ = {isa = PBXFileReference; explicitFileType = undefined; fileEncoding = 4; includeInIndex = 0; lastKnownFileType = sourcecode.c.objc; name = CDVDevice.m; path = "cordova-plugin-device/CDVDevice.m"; sourceTree = "<group>"; };
/* End PBXFileReference section */

/* Begin PBXFrameworksBuildPhase section */
		1D60588F0D05DD3D006BFB54 /* Frameworks */ = {
			isa = PBXFrameworksBuildPhase;
			buildActionMask = 2147483647;
			files = (
				301BF552109A68D80062928A /* libCordova.a in Frameworks */,
				EA721E2FCF544A57846745F4 /* ImageIO.framework in Frameworks */,
				E2402DD63D1149228B92E14E /* CoreLocation.framework in Frameworks */,
				827F725E21EB4B9389FA8F1A /* AVFoundation.framework in Frameworks */,
				78E843F0D3FD4CACB6E1EEAF /* AddressBook.framework in Frameworks */,
				F8A3F642C0924E00BB293739 /* AddressBookUI.framework in Frameworks */,
				4609604A3DA441FA97504793 /* CoreMotion.framework in Frameworks */,
				B3B1FF46D2794AE08E3C8A2B /* AudioToolbox.framework in Frameworks */,
				2338602EAC5C41A6BBC3942F /* SystemConfiguration.framework in Frameworks */,
				0DE2F909E75D479BBC43C97E /* CoreTelephony.framework in Frameworks */,
			);
			runOnlyForDeploymentPostprocessing = 0;
		};
/* End PBXFrameworksBuildPhase section */

/* Begin PBXGroup section */
		080E96DDFE201D6D7F000001 /* Classes */ = {
			isa = PBXGroup;
			children = (
				302D95EE14D2391D003F00A1 /* MainViewController.h */,
				302D95EF14D2391D003F00A1 /* MainViewController.m */,
				302D95F014D2391D003F00A1 /* MainViewController.xib */,
				1D3623240D0F684500981E51 /* AppDelegate.h */,
				1D3623250D0F684500981E51 /* AppDelegate.m */,
			);
			name = Classes;
			path = Emes/Classes;
			sourceTree = SOURCE_ROOT;
		};
		19C28FACFE9D520D11CA2CBB /* Products */ = {
			isa = PBXGroup;
			children = (
				1D6058910D05DD3D006BFB54 /* Emes.app */,
			);
			name = Products;
			sourceTree = "<group>";
		};
		29B97314FDCFA39411CA2CEA /* CustomTemplate */ = {
			isa = PBXGroup;
			children = (
				EB87FDF41871DAF40020F90C /* config.xml */,
				EB87FDF31871DA8E0020F90C /* www */,
				EB87FDF11871DA420020F90C /* Staging */,
				301BF52D109A57CC0062928A /* CordovaLib.xcodeproj */,
				080E96DDFE201D6D7F000001 /* Classes */,
				307C750510C5A3420062BCA9 /* Plugins */,
				29B97315FDCFA39411CA2CEA /* Other Sources */,
				29B97317FDCFA39411CA2CEA /* Resources */,
				29B97323FDCFA39411CA2CEA /* Frameworks */,
				19C28FACFE9D520D11CA2CBB /* Products */,
			);
			name = CustomTemplate;
			sourceTree = "<group>";
		};
		29B97315FDCFA39411CA2CEA /* Other Sources */ = {
			isa = PBXGroup;
			children = (
				32CA4F630368D1EE00C91783 /* Emes-Prefix.pch */,
				29B97316FDCFA39411CA2CEA /* main.m */,
				ED33DF2A687741AEAF9F8254 /* Bridging-Header.h */,
			);
			name = "Other Sources";
			path = Emes;
			sourceTree = "<group>";
		};
		29B97317FDCFA39411CA2CEA /* Resources */ = {
			isa = PBXGroup;
			children = (
				0207DA571B56EA530066E2B4 /* Images.xcassets */,
				3047A50E1AB8057F00498E2A /* config */,
				8D1107310486CEB800E47090 /* Emes-Info.plist */,
				6AFF5BF81D6E424B00AB3073 /* CDVLaunchScreen.storyboard */,
				2587DF0B0C804E75821E3CDE /* CDVNotification.bundle */,
				70F5E9EA4F994CC6A565ED02 /* CDVCapture.bundle */,
			);
			name = Resources;
			path = Emes/Resources;
			sourceTree = "<group>";
		};
		29B97323FDCFA39411CA2CEA /* Frameworks */ = {
			isa = PBXGroup;
			children = (
				44749EE715194316A2BC900F /* ImageIO.framework */,
				1BFF285FC90C4DEDB4E7B8BA /* CoreLocation.framework */,
				FE47F5C1D128478DA89E3009 /* AVFoundation.framework */,
				5EAB28061A7B44019B72C939 /* AddressBook.framework */,
				EC541BAD1E804E7CBA450138 /* AddressBookUI.framework */,
				40DF597609F34F418A481F03 /* CoreMotion.framework */,
				D0F88584AD7A4697A5F50705 /* AudioToolbox.framework */,
				86E406EEC3E74CADBD52E724 /* SystemConfiguration.framework */,
				C7A8BAD6AA14472ABF91DA7A /* CoreTelephony.framework */,
			);
			name = Frameworks;
			sourceTree = "<group>";
		};
		301BF52E109A57CC0062928A /* Products */ = {
			isa = PBXGroup;
			children = (
				301BF535109A57CC0062928A /* libCordova.a */,
				907D8124214C687600058A10 /* Cordova.framework */,
			);
			name = Products;
			sourceTree = "<group>";
		};
		3047A50E1AB8057F00498E2A /* config */ = {
			isa = PBXGroup;
			children = (
				3047A50F1AB8059700498E2A /* build-debug.xcconfig */,
				3047A5101AB8059700498E2A /* build-release.xcconfig */,
				3047A5111AB8059700498E2A /* build.xcconfig */,
			);
			name = config;
			sourceTree = "<group>";
		};
		307C750510C5A3420062BCA9 /* Plugins */ = {
			isa = PBXGroup;
			children = (
				DCB129A954E24DBF8AA6B7BC /* CDVBattery.m */,
				CCEA2FB2ACBA42E8A6F9C46A /* CDVBattery.h */,
				7D633CE2EF184C798D673075 /* UIImage+CropScaleOrientation.m */,
				7D2F2D3779564CE3A6C96F9F /* CDVCamera.m */,
				0A815E6417984B7BB6A22439 /* CDVJpegHeaderWriter.m */,
				F53A6F736A7A4B1993D1F6AE /* UIImage+CropScaleOrientation.h */,
				C3FAE991B2D24CB5B4B49BBC /* CDVCamera.h */,
				9A035F7D823B401BAA1FFDAF /* CDVJpegHeaderWriter.h */,
				AC8D2CAA6A0040C085F8D8EF /* CDVExif.h */,
				0993DF7E58DA4425A1E1DC14 /* CDVLogger.m */,
				11FBE7C6440D46BF88680612 /* CDVLogger.h */,
				14716945287C49EB98F51CD6 /* CDVContacts.m */,
				80E24033782F4FEB9FE9A467 /* CDVContact.m */,
				BA5534600EDE4165885DE4E3 /* CDVContacts.h */,
				B1ADE8F9BD904C73BD7F02EC /* CDVContact.h */,
				FEE1E731C5B04CB69BA6A070 /* CDVDevice.m */,
				C49EE2FA617C4EDCA028A7BE /* CDVDevice.h */,
				C26E02DC53054DDB8BAD29AB /* CDVAccelerometer.m */,
				DFFF4C94A4BF488DB8570F5C /* CDVAccelerometer.h */,
				BD871306414541589FFA5189 /* CDVCompass.m */,
				78C7A1982DF74A35A978FA27 /* CDVCompass.h */,
				E95DC21BC3FD4C8B939BDBA9 /* CDVNotification.m */,
				707378CF74A7409E965DFB4D /* CDVNotification.h */,
				D33C451CCD504427B439D00B /* CDVFile.m */,
				2B41DF325C4249DAB0CCF450 /* CDVLocalFilesystem.m */,
				0AC0878B162C49A69CFF97B0 /* CDVAssetLibraryFilesystem.m */,
				FD5F5D1C9B8F4B979DAC7F8C /* CDVFile.h */,
				C3C2B66D632445E482E6E5D4 /* CDVLocalFilesystem.h */,
				5A04BFA6000C4984AE7917DD /* CDVAssetLibraryFilesystem.h */,
				429142457DD04BD0A40103E3 /* CDVFileTransfer.m */,
				A54CC7AE3165422BA026208C /* CDVFileTransfer.h */,
				8427CA4A67714B64AFB2B327 /* CDVLocation.m */,
				01433838AE3A478A9BB00F65 /* CDVLocation.h */,
				C57BF4D82A5B48609D27F88A /* CDVGlobalization.m */,
				54DD2C877CD94AE6A70C0A23 /* CDVGlobalization.h */,
				80C06A0079C94EBC9628E675 /* CDVInAppBrowserOptions.m */,
				05AB075F28444A9187401FB5 /* CDVInAppBrowserNavigationController.m */,
				D0FB6725454346D7A66A7FB8 /* CDVWKInAppBrowser.m */,
				579910E0D20346C083E9DA08 /* CDVWKInAppBrowserUIDelegate.m */,
				2C3233DE4BC6446C84292ACA /* CDVInAppBrowserOptions.h */,
				14E3F23DC0944505BF80D3E9 /* CDVInAppBrowserNavigationController.h */,
				10C88C4F76D64FF9A49BF4EF /* CDVWKInAppBrowser.h */,
				919F6ECC66214FD78CAE9C3F /* CDVWKInAppBrowserUIDelegate.h */,
				8E87463C4A2D45B2809B94B2 /* CDVSound.m */,
				3A0ABCBCEB184BF5A99C9D75 /* CDVSound.h */,
				E1CA01CA90F04A3DB24BE468 /* CDVCapture.m */,
				1AFD6A5092CD4488B23C74C0 /* CDVCapture.h */,
				4403292E6C6244BE8AA829F0 /* CDVConnection.m */,
				A414F1D480144C1D923BB237 /* CDVReachability.m */,
				7F4F586694F44E4F948CE94C /* CDVConnection.h */,
				65C2E41E3CC54218B2559C6A /* CDVReachability.h */,
				C67CC3EBA6F44D3FA4DF1AF6 /* CDVStatusBar.m */,
				6C1383BA8C7C4E3A8FF318CF /* CDVStatusBar.h */,
				A64EA347609746139B8ADABF /* CDVVibration.m */,
				6693320E1B664C6BA3C21928 /* CDVVibration.h */,
			);
			name = Plugins;
			path = Emes/Plugins;
			sourceTree = SOURCE_ROOT;
		};
		EB87FDF11871DA420020F90C /* Staging */ = {
			isa = PBXGroup;
			children = (
				F840E1F0165FE0F500CFE078 /* config.xml */,
				301BF56E109A69640062928A /* www */,
			);
			name = Staging;
			sourceTree = "<group>";
		};
/* End PBXGroup section */

/* Begin PBXNativeTarget section */
		1D6058900D05DD3D006BFB54 /* Emes */ = {
			isa = PBXNativeTarget;
			buildConfigurationList = 1D6058960D05DD3E006BFB54 /* Build configuration list for PBXNativeTarget "Emes" */;
			buildPhases = (
				304B58A110DAC018002A0835 /* Copy www directory */,
				1D60588D0D05DD3D006BFB54 /* Resources */,
				1D60588E0D05DD3D006BFB54 /* Sources */,
				1D60588F0D05DD3D006BFB54 /* Frameworks */,
			);
			buildRules = (
			);
			dependencies = (
				301BF551109A68C00062928A /* PBXTargetDependency */,
			);
			name = Emes;
			productName = Emes;
			productReference = 1D6058910D05DD3D006BFB54 /* Emes.app */;
			productType = "com.apple.product-type.application";
		};
/* End PBXNativeTarget section */

/* Begin PBXProject section */
		29B97313FDCFA39411CA2CEA /* Project object */ = {
			isa = PBXProject;
			attributes = {
				LastUpgradeCheck = 1130;
			};
			buildConfigurationList = C01FCF4E08A954540054247B /* Build configuration list for PBXProject "Emes" */;
			compatibilityVersion = "Xcode 11.0";
			developmentRegion = en;
			hasScannedForEncodings = 1;
			knownRegions = (
				en,
				Base,
			);
			mainGroup = 29B97314FDCFA39411CA2CEA /* CustomTemplate */;
			projectDirPath = "";
			projectReferences = (
				{
					ProductGroup = 301BF52E109A57CC0062928A /* Products */;
					ProjectRef = 301BF52D109A57CC0062928A /* CordovaLib.xcodeproj */;
				},
			);
			projectRoot = "";
			targets = (
				1D6058900D05DD3D006BFB54 /* Emes */,
			);
		};
/* End PBXProject section */

/* Begin PBXReferenceProxy section */
		301BF535109A57CC0062928A /* libCordova.a */ = {
			isa = PBXReferenceProxy;
			fileType = archive.ar;
			path = libCordova.a;
			remoteRef = 301BF534109A57CC0062928A /* PBXContainerItemProxy */;
			sourceTree = BUILT_PRODUCTS_DIR;
		};
		907D8124214C687600058A10 /* Cordova.framework */ = {
			isa = PBXReferenceProxy;
			fileType = wrapper.framework;
			path = Cordova.framework;
			remoteRef = 907D8123214C687600058A10 /* PBXContainerItemProxy */;
			sourceTree = BUILT_PRODUCTS_DIR;
		};
/* End PBXReferenceProxy section */

/* Begin PBXResourcesBuildPhase section */
		1D60588D0D05DD3D006BFB54 /* Resources */ = {
			isa = PBXResourcesBuildPhase;
			buildActionMask = 2147483647;
			files = (
				302D95F214D2391D003F00A1 /* MainViewController.xib in Resources */,
				0207DA581B56EA530066E2B4 /* Images.xcassets in Resources */,
				6AFF5BF91D6E424B00AB3073 /* CDVLaunchScreen.storyboard in Resources */,
				6F9E50ACB30B4DEA8B2196C4 /* CDVNotification.bundle in Resources */,
				F0DA4091949147FC8FA63ED8 /* CDVCapture.bundle in Resources */,
			);
			runOnlyForDeploymentPostprocessing = 0;
		};
/* End PBXResourcesBuildPhase section */

/* Begin PBXShellScriptBuildPhase section */
		304B58A110DAC018002A0835 /* Copy www directory */ = {
			isa = PBXShellScriptBuildPhase;
			buildActionMask = 2147483647;
			files = (
			);
			inputPaths = (
			);
			name = "Copy www directory";
			outputPaths = (
			);
			runOnlyForDeploymentPostprocessing = 0;
			shellPath = /bin/sh;
			shellScript = "chmod +x \"$SRCROOT/Emes/Scripts/copy-www-build-step.sh\"\n";
			showEnvVarsInLog = 0;
		};
/* End PBXShellScriptBuildPhase section */

/* Begin PBXSourcesBuildPhase section */
		1D60588E0D05DD3D006BFB54 /* Sources */ = {
			isa = PBXSourcesBuildPhase;
			buildActionMask = 2147483647;
			files = (
				1D60589B0D05DD56006BFB54 /* main.m in Sources */,
				1D3623260D0F684500981E51 /* AppDelegate.m in Sources */,
				302D95F114D2391D003F00A1 /* MainViewController.m in Sources */,
				1B6C178AD83E4CEFAD9A4195 /* CDVBattery.m in Sources */,
				549A29471394447884983995 /* UIImage+CropScaleOrientation.m in Sources */,
				3313C20BC3494C478DEB1AAA /* CDVCamera.m in Sources */,
				A36C07971A5E40BFB2D799DF /* CDVJpegHeaderWriter.m in Sources */,
				7B879781FF564321A88AB0CA /* CDVLogger.m in Sources */,
				6C93A194C42247D28CBF3CA0 /* CDVContacts.m in Sources */,
				2B74011F5AFF45548C9E558A /* CDVContact.m in Sources */,
				D14ED4BC582644A8AEDAC91A /* CDVDevice.m in Sources */,
				2844D23DA03A4C38AC0549AA /* CDVAccelerometer.m in Sources */,
				D5FE0D0C17654C8D8728F12F /* CDVCompass.m in Sources */,
				6BB2A251A61F42F6A7926B6C /* CDVNotification.m in Sources */,
				916751D340DE4C3695362336 /* CDVFile.m in Sources */,
				70B47A580C724B2DA3107DAC /* CDVLocalFilesystem.m in Sources */,
				7AD63A12205940928E8CD0C2 /* CDVAssetLibraryFilesystem.m in Sources */,
				EC2397FFB18B4D4BBF1D3FB1 /* CDVFileTransfer.m in Sources */,
				84CBA4A98D674520BA8A9DCB /* CDVLocation.m in Sources */,
				7E7C80FE308A4E088FBA3F0F /* CDVGlobalization.m in Sources */,
				A253B4DC820B4C56907EC4F2 /* CDVInAppBrowserOptions.m in Sources */,
				9C832352EA744E20AB3B6B17 /* CDVInAppBrowserNavigationController.m in Sources */,
				D5A2EA879FFE4064837A04E7 /* CDVWKInAppBrowser.m in Sources */,
				4AAB581AC1234A0BA18AF8C6 /* CDVWKInAppBrowserUIDelegate.m in Sources */,
				BC2B2CF5DEAF423D973DC1CB /* CDVSound.m in Sources */,
				E0D9083C8BA3474C86909314 /* CDVCapture.m in Sources */,
				880B9700C94B49C394798E40 /* CDVConnection.m in Sources */,
				8E2C136D7C3548F2ABEFFB07 /* CDVReachability.m in Sources */,
				4B6B99822B86403E8687C904 /* CDVStatusBar.m in Sources */,
				1078D0B414214ECA89DE7657 /* CDVVibration.m in Sources */,
			);
			runOnlyForDeploymentPostprocessing = 0;
		};
/* End PBXSourcesBuildPhase section */

/* Begin PBXTargetDependency section */
		301BF551109A68C00062928A /* PBXTargetDependency */ = {
			isa = PBXTargetDependency;
			name = CordovaLib;
			targetProxy = 301BF550109A68C00062928A /* PBXContainerItemProxy */;
		};
/* End PBXTargetDependency section */

/* Begin XCBuildConfiguration section */
		1D6058940D05DD3E006BFB54 /* Debug */ = {
			isa = XCBuildConfiguration;
			baseConfigurationReference = 3047A50F1AB8059700498E2A /* build-debug.xcconfig */;
			buildSettings = {
				ALWAYS_SEARCH_USER_PATHS = NO;
				ASSETCATALOG_COMPILER_APPICON_NAME = AppIcon;
				CLANG_ENABLE_MODULES = YES;
				CLANG_ENABLE_OBJC_ARC = YES;
				CODE_SIGN_IDENTITY = "iPhone Distribution";
				CODE_SIGN_STYLE = Manual;
				COPY_PHASE_STRIP = NO;
				DEVELOPMENT_TEAM = S762HFAH87;
				GCC_DYNAMIC_NO_PIC = NO;
				GCC_NO_COMMON_BLOCKS = NO;
				GCC_OPTIMIZATION_LEVEL = 0;
				GCC_PRECOMPILE_PREFIX_HEADER = YES;
				GCC_PREFIX_HEADER = "Emes/Emes-Prefix.pch";
				GCC_THUMB_SUPPORT = NO;
				GCC_VERSION = "";
				INFOPLIST_FILE = "Emes/Emes-Info.plist";
				IPHONEOS_DEPLOYMENT_TARGET = 11.0;
				LD_RUNPATH_SEARCH_PATHS = "@executable_path/Frameworks";
				PRODUCT_BUNDLE_IDENTIFIER = com.phonegap.tru007;
				PRODUCT_NAME = "$(TARGET_NAME)";
				PROVISIONING_PROFILE_SPECIFIER = TruSec_AdHoc_Profile;
				TARGETED_DEVICE_FAMILY = "1,2";
			};
			name = Debug;
		};
		1D6058950D05DD3E006BFB54 /* Release */ = {
			isa = XCBuildConfiguration;
			baseConfigurationReference = 3047A5101AB8059700498E2A /* build-release.xcconfig */;
			buildSettings = {
				ALWAYS_SEARCH_USER_PATHS = NO;
				ASSETCATALOG_COMPILER_APPICON_NAME = AppIcon;
				CLANG_ENABLE_MODULES = YES;
				CLANG_ENABLE_OBJC_ARC = YES;
				CODE_SIGN_STYLE = Manual;
				COPY_PHASE_STRIP = YES;
				DEVELOPMENT_TEAM = S762HFAH87;
				GCC_NO_COMMON_BLOCKS = NO;
				GCC_PRECOMPILE_PREFIX_HEADER = YES;
				GCC_PREFIX_HEADER = "Emes/Emes-Prefix.pch";
				GCC_THUMB_SUPPORT = NO;
				GCC_VERSION = "";
				INFOPLIST_FILE = "Emes/Emes-Info.plist";
				IPHONEOS_DEPLOYMENT_TARGET = 11.0;
				LD_RUNPATH_SEARCH_PATHS = "@executable_path/Frameworks";
				PRODUCT_BUNDLE_IDENTIFIER = com.phonegap.tru007;
				PRODUCT_NAME = "$(TARGET_NAME)";
				PROVISIONING_PROFILE_SPECIFIER = TruSec_AdHoc_Profile;
				TARGETED_DEVICE_FAMILY = "1,2";
			};
			name = Release;
		};
		C01FCF4F08A954540054247B /* Debug */ = {
			isa = XCBuildConfiguration;
			baseConfigurationReference = 3047A5111AB8059700498E2A /* build.xcconfig */;
			buildSettings = {
				CLANG_ANALYZER_LOCALIZABILITY_NONLOCALIZED = YES;
				CLANG_ENABLE_MODULES = YES;
				CLANG_ENABLE_OBJC_ARC = YES;
				CLANG_WARN_BLOCK_CAPTURE_AUTORELEASING = YES;
				CLANG_WARN_BOOL_CONVERSION = YES;
				CLANG_WARN_COMMA = YES;
				CLANG_WARN_CONSTANT_CONVERSION = YES;
				CLANG_WARN_DEPRECATED_OBJC_IMPLEMENTATIONS = YES;
				CLANG_WARN_EMPTY_BODY = YES;
				CLANG_WARN_ENUM_CONVERSION = YES;
				CLANG_WARN_INFINITE_RECURSION = YES;
				CLANG_WARN_INT_CONVERSION = YES;
				CLANG_WARN_NON_LITERAL_NULL_CONVERSION = YES;
				CLANG_WARN_OBJC_IMPLICIT_RETAIN_SELF = YES;
				CLANG_WARN_OBJC_LITERAL_CONVERSION = YES;
				CLANG_WARN_RANGE_LOOP_ANALYSIS = YES;
				CLANG_WARN_STRICT_PROTOTYPES = YES;
				CLANG_WARN_SUSPICIOUS_MOVE = YES;
				CLANG_WARN_UNREACHABLE_CODE = YES;
				CLANG_WARN__DUPLICATE_METHOD_MATCH = YES;
				ENABLE_STRICT_OBJC_MSGSEND = YES;
				ENABLE_TESTABILITY = YES;
				GCC_C_LANGUAGE_STANDARD = c99;
				GCC_NO_COMMON_BLOCKS = YES;
				GCC_THUMB_SUPPORT = NO;
				GCC_VERSION = "";
				GCC_WARN_64_TO_32_BIT_CONVERSION = YES;
				GCC_WARN_ABOUT_RETURN_TYPE = YES;
				GCC_WARN_UNDECLARED_SELECTOR = YES;
				GCC_WARN_UNINITIALIZED_AUTOS = YES;
				GCC_WARN_UNUSED_FUNCTION = YES;
				GCC_WARN_UNUSED_VARIABLE = YES;
				ONLY_ACTIVE_ARCH = YES;
				SDKROOT = iphoneos;
				SKIP_INSTALL = NO;
				TARGETED_DEVICE_FAMILY = "1,2";
				WK_WEB_VIEW_ONLY = 1;
			};
			name = Debug;
		};
		C01FCF5008A954540054247B /* Release */ = {
			isa = XCBuildConfiguration;
			baseConfigurationReference = 3047A5111AB8059700498E2A /* build.xcconfig */;
			buildSettings = {
				CLANG_ANALYZER_LOCALIZABILITY_NONLOCALIZED = YES;
				CLANG_ENABLE_MODULES = YES;
				CLANG_ENABLE_OBJC_ARC = YES;
				CLANG_WARN_BLOCK_CAPTURE_AUTORELEASING = YES;
				CLANG_WARN_BOOL_CONVERSION = YES;
				CLANG_WARN_COMMA = YES;
				CLANG_WARN_CONSTANT_CONVERSION = YES;
				CLANG_WARN_DEPRECATED_OBJC_IMPLEMENTATIONS = YES;
				CLANG_WARN_EMPTY_BODY = YES;
				CLANG_WARN_ENUM_CONVERSION = YES;
				CLANG_WARN_INFINITE_RECURSION = YES;
				CLANG_WARN_INT_CONVERSION = YES;
				CLANG_WARN_NON_LITERAL_NULL_CONVERSION = YES;
				CLANG_WARN_OBJC_IMPLICIT_RETAIN_SELF = YES;
				CLANG_WARN_OBJC_LITERAL_CONVERSION = YES;
				CLANG_WARN_RANGE_LOOP_ANALYSIS = YES;
				CLANG_WARN_STRICT_PROTOTYPES = YES;
				CLANG_WARN_SUSPICIOUS_MOVE = YES;
				CLANG_WARN_UNREACHABLE_CODE = YES;
				CLANG_WARN__DUPLICATE_METHOD_MATCH = YES;
				ENABLE_STRICT_OBJC_MSGSEND = YES;
				GCC_C_LANGUAGE_STANDARD = c99;
				GCC_NO_COMMON_BLOCKS = YES;
				GCC_THUMB_SUPPORT = NO;
				GCC_VERSION = "";
				GCC_WARN_64_TO_32_BIT_CONVERSION = YES;
				GCC_WARN_ABOUT_RETURN_TYPE = YES;
				GCC_WARN_UNDECLARED_SELECTOR = YES;
				GCC_WARN_UNINITIALIZED_AUTOS = YES;
				GCC_WARN_UNUSED_FUNCTION = YES;
				GCC_WARN_UNUSED_VARIABLE = YES;
				SDKROOT = iphoneos;
				SKIP_INSTALL = NO;
				TARGETED_DEVICE_FAMILY = "1,2";
				WK_WEB_VIEW_ONLY = 1;
			};
			name = Release;
		};
/* End XCBuildConfiguration section */

/* Begin XCConfigurationList section */
		1D6058960D05DD3E006BFB54 /* Build configuration list for PBXNativeTarget "Emes" */ = {
			isa = XCConfigurationList;
			buildConfigurations = (
				1D6058940D05DD3E006BFB54 /* Debug */,
				1D6058950D05DD3E006BFB54 /* Release */,
			);
			defaultConfigurationIsVisible = 0;
			defaultConfigurationName = Release;
		};
		C01FCF4E08A954540054247B /* Build configuration list for PBXProject "Emes" */ = {
			isa = XCConfigurationList;
			buildConfigurations = (
				C01FCF4F08A954540054247B /* Debug */,
				C01FCF5008A954540054247B /* Release */,
			);
			defaultConfigurationIsVisible = 0;
			defaultConfigurationName = Release;
		};
/* End XCConfigurationList section */
	};
	rootObject = 29B97313FDCFA39411CA2CEA /* Project object */;
}
